// !$*UTF8*$!
{
	archiveVersion = 1;
	classes = {
	};
	objectVersion = 50;
	objects = {

/* Begin PBXBuildFile section */
		A501862B253F76ED00D9DC77 /* Health.swift in Sources */ = {isa = PBXBuildFile; fileRef = A501862A253F76ED00D9DC77 /* Health.swift */; };
		A50A8F7E2531F90D00364B82 /* Unifiable.swift in Sources */ = {isa = PBXBuildFile; fileRef = A50A8F7D2531F90D00364B82 /* Unifiable.swift */; };
		A50A8F812531F97C00364B82 /* Contacts.swift in Sources */ = {isa = PBXBuildFile; fileRef = A50A8F802531F97C00364B82 /* Contacts.swift */; };
		A50A8F842531FA5900364B82 /* Reminders.swift in Sources */ = {isa = PBXBuildFile; fileRef = A50A8F832531FA5900364B82 /* Reminders.swift */; };
		A533FEE3253B2771003B7648 /* Camera.swift in Sources */ = {isa = PBXBuildFile; fileRef = A533FEE2253B2771003B7648 /* Camera.swift */; };
		A533FEE7253B28E2003B7648 /* PermissionKit.framework in Frameworks */ = {isa = PBXBuildFile; fileRef = A5EDD6B12528DB8B001F44C9 /* PermissionKit.framework */; };
		A533FEE8253B28E2003B7648 /* PermissionKit.framework in Embed Frameworks */ = {isa = PBXBuildFile; fileRef = A5EDD6B12528DB8B001F44C9 /* PermissionKit.framework */; settings = {ATTRIBUTES = (CodeSignOnCopy, RemoveHeadersOnCopy, ); }; };
		A533FEEF253B597C003B7648 /* Music.swift in Sources */ = {isa = PBXBuildFile; fileRef = A533FEEE253B597C003B7648 /* Music.swift */; };
		A53C04AC254D4D80007F1438 /* Bluetooth.swift in Sources */ = {isa = PBXBuildFile; fileRef = A53C04AB254D4D80007F1438 /* Bluetooth.swift */; };
		A53C04AE254D5078007F1438 /* HealthKit.framework in Frameworks */ = {isa = PBXBuildFile; fileRef = A53C04AD254D5078007F1438 /* HealthKit.framework */; };
		A53C04C5254D6BE8007F1438 /* LocalNetwork.swift in Sources */ = {isa = PBXBuildFile; fileRef = A53C04C4254D6BE8007F1438 /* LocalNetwork.swift */; };
		A551874825377A75001A8208 /* Calendars.swift in Sources */ = {isa = PBXBuildFile; fileRef = A551874725377A75001A8208 /* Calendars.swift */; };
		A553E45D254475BB00589764 /* Location.swift in Sources */ = {isa = PBXBuildFile; fileRef = A553E45C254475BB00589764 /* Location.swift */; };
		A5B1D847253C211C00760382 /* Notifications.swift in Sources */ = {isa = PBXBuildFile; fileRef = A5B1D846253C211C00760382 /* Notifications.swift */; };
		A5B519C42538D6F4006870FA /* Microphone.swift in Sources */ = {isa = PBXBuildFile; fileRef = A5B519C32538D6F4006870FA /* Microphone.swift */; };
		A5B519CC2538D955006870FA /* SpeechRecognition.swift in Sources */ = {isa = PBXBuildFile; fileRef = A5B519CB2538D955006870FA /* SpeechRecognition.swift */; };
		A5B519D9253AEA83006870FA /* Home.swift in Sources */ = {isa = PBXBuildFile; fileRef = A5B519D8253AEA83006870FA /* Home.swift */; };
		A5C49B85253B6602004DDC66 /* Photos.swift in Sources */ = {isa = PBXBuildFile; fileRef = A5C49B84253B6602004DDC66 /* Photos.swift */; };
		A5C49B92253B6F03004DDC66 /* Motion.swift in Sources */ = {isa = PBXBuildFile; fileRef = A5C49B91253B6F03004DDC66 /* Motion.swift */; };
		A5DAF0532528D7ED002483A6 /* AppDelegate.swift in Sources */ = {isa = PBXBuildFile; fileRef = A5DAF0522528D7ED002483A6 /* AppDelegate.swift */; };
		A5DAF0552528D7ED002483A6 /* SceneDelegate.swift in Sources */ = {isa = PBXBuildFile; fileRef = A5DAF0542528D7ED002483A6 /* SceneDelegate.swift */; };
		A5DAF0572528D7ED002483A6 /* ViewController.swift in Sources */ = {isa = PBXBuildFile; fileRef = A5DAF0562528D7ED002483A6 /* ViewController.swift */; };
		A5DAF05C2528D7EE002483A6 /* Assets.xcassets in Resources */ = {isa = PBXBuildFile; fileRef = A5DAF05B2528D7EE002483A6 /* Assets.xcassets */; };
		A5EDD6C52528DF52001F44C9 /* Main.storyboard in Resources */ = {isa = PBXBuildFile; fileRef = A5EDD6C32528DF51001F44C9 /* Main.storyboard */; };
		A5EDD6C62528DF52001F44C9 /* LaunchScreen.storyboard in Resources */ = {isa = PBXBuildFile; fileRef = A5EDD6C42528DF52001F44C9 /* LaunchScreen.storyboard */; };
/* End PBXBuildFile section */

/* Begin PBXCopyFilesBuildPhase section */
		A533FEE9253B28E2003B7648 /* Embed Frameworks */ = {
			isa = PBXCopyFilesBuildPhase;
			buildActionMask = 2147483647;
			dstPath = "";
			dstSubfolderSpec = 10;
			files = (
				A533FEE8253B28E2003B7648 /* PermissionKit.framework in Embed Frameworks */,
			);
			name = "Embed Frameworks";
			runOnlyForDeploymentPostprocessing = 0;
		};
/* End PBXCopyFilesBuildPhase section */

/* Begin PBXFileReference section */
		A501862A253F76ED00D9DC77 /* Health.swift */ = {isa = PBXFileReference; lastKnownFileType = sourcecode.swift; path = Health.swift; sourceTree = "<group>"; };
		A50A8F7D2531F90D00364B82 /* Unifiable.swift */ = {isa = PBXFileReference; lastKnownFileType = sourcecode.swift; path = Unifiable.swift; sourceTree = "<group>"; };
		A50A8F802531F97C00364B82 /* Contacts.swift */ = {isa = PBXFileReference; lastKnownFileType = sourcecode.swift; path = Contacts.swift; sourceTree = "<group>"; };
		A50A8F832531FA5900364B82 /* Reminders.swift */ = {isa = PBXFileReference; lastKnownFileType = sourcecode.swift; path = Reminders.swift; sourceTree = "<group>"; };
		A533FEE2253B2771003B7648 /* Camera.swift */ = {isa = PBXFileReference; lastKnownFileType = sourcecode.swift; path = Camera.swift; sourceTree = "<group>"; };
		A533FEEE253B597C003B7648 /* Music.swift */ = {isa = PBXFileReference; lastKnownFileType = sourcecode.swift; path = Music.swift; sourceTree = "<group>"; };
		A53C04AB254D4D80007F1438 /* Bluetooth.swift */ = {isa = PBXFileReference; lastKnownFileType = sourcecode.swift; path = Bluetooth.swift; sourceTree = "<group>"; };
		A53C04AD254D5078007F1438 /* HealthKit.framework */ = {isa = PBXFileReference; lastKnownFileType = wrapper.framework; name = HealthKit.framework; path = System/Library/Frameworks/HealthKit.framework; sourceTree = SDKROOT; };
		A53C04C4254D6BE8007F1438 /* LocalNetwork.swift */ = {isa = PBXFileReference; lastKnownFileType = sourcecode.swift; path = LocalNetwork.swift; sourceTree = "<group>"; };
		A551874725377A75001A8208 /* Calendars.swift */ = {isa = PBXFileReference; lastKnownFileType = sourcecode.swift; path = Calendars.swift; sourceTree = "<group>"; };
		A553E45C254475BB00589764 /* Location.swift */ = {isa = PBXFileReference; lastKnownFileType = sourcecode.swift; path = Location.swift; sourceTree = "<group>"; };
		A5B1D846253C211C00760382 /* Notifications.swift */ = {isa = PBXFileReference; lastKnownFileType = sourcecode.swift; path = Notifications.swift; sourceTree = "<group>"; };
		A5B519C32538D6F4006870FA /* Microphone.swift */ = {isa = PBXFileReference; lastKnownFileType = sourcecode.swift; path = Microphone.swift; sourceTree = "<group>"; };
		A5B519CB2538D955006870FA /* SpeechRecognition.swift */ = {isa = PBXFileReference; lastKnownFileType = sourcecode.swift; path = SpeechRecognition.swift; sourceTree = "<group>"; };
		A5B519D8253AEA83006870FA /* Home.swift */ = {isa = PBXFileReference; lastKnownFileType = sourcecode.swift; path = Home.swift; sourceTree = "<group>"; };
		A5C49B84253B6602004DDC66 /* Photos.swift */ = {isa = PBXFileReference; lastKnownFileType = sourcecode.swift; path = Photos.swift; sourceTree = "<group>"; };
		A5C49B91253B6F03004DDC66 /* Motion.swift */ = {isa = PBXFileReference; lastKnownFileType = sourcecode.swift; path = Motion.swift; sourceTree = "<group>"; };
		A5DAF04F2528D7ED002483A6 /* Example.app */ = {isa = PBXFileReference; explicitFileType = wrapper.application; includeInIndex = 0; path = Example.app; sourceTree = BUILT_PRODUCTS_DIR; };
		A5DAF0522528D7ED002483A6 /* AppDelegate.swift */ = {isa = PBXFileReference; lastKnownFileType = sourcecode.swift; path = AppDelegate.swift; sourceTree = "<group>"; };
		A5DAF0542528D7ED002483A6 /* SceneDelegate.swift */ = {isa = PBXFileReference; lastKnownFileType = sourcecode.swift; path = SceneDelegate.swift; sourceTree = "<group>"; };
		A5DAF0562528D7ED002483A6 /* ViewController.swift */ = {isa = PBXFileReference; lastKnownFileType = sourcecode.swift; path = ViewController.swift; sourceTree = "<group>"; };
		A5DAF05B2528D7EE002483A6 /* Assets.xcassets */ = {isa = PBXFileReference; lastKnownFileType = folder.assetcatalog; path = Assets.xcassets; sourceTree = "<group>"; };
		A5DAF0602528D7EE002483A6 /* Info.plist */ = {isa = PBXFileReference; lastKnownFileType = text.plist.xml; path = Info.plist; sourceTree = "<group>"; };
		A5EDD6B12528DB8B001F44C9 /* PermissionKit.framework */ = {isa = PBXFileReference; explicitFileType = wrapper.framework; path = PermissionKit.framework; sourceTree = BUILT_PRODUCTS_DIR; };
		A5EDD6B52528DDD8001F44C9 /* Example.entitlements */ = {isa = PBXFileReference; lastKnownFileType = text.plist.entitlements; path = Example.entitlements; sourceTree = "<group>"; };
		A5EDD6C32528DF51001F44C9 /* Main.storyboard */ = {isa = PBXFileReference; fileEncoding = 4; lastKnownFileType = file.storyboard; path = Main.storyboard; sourceTree = "<group>"; };
		A5EDD6C42528DF52001F44C9 /* LaunchScreen.storyboard */ = {isa = PBXFileReference; fileEncoding = 4; lastKnownFileType = file.storyboard; path = LaunchScreen.storyboard; sourceTree = "<group>"; };
/* End PBXFileReference section */

/* Begin PBXFrameworksBuildPhase section */
		A5DAF04C2528D7ED002483A6 /* Frameworks */ = {
			isa = PBXFrameworksBuildPhase;
			buildActionMask = 2147483647;
			files = (
				A533FEE7253B28E2003B7648 /* PermissionKit.framework in Frameworks */,
				A53C04AE254D5078007F1438 /* HealthKit.framework in Frameworks */,
			);
			runOnlyForDeploymentPostprocessing = 0;
		};
/* End PBXFrameworksBuildPhase section */

/* Begin PBXGroup section */
		A50A8F7C2531F8C100364B82 /* Extensions */ = {
			isa = PBXGroup;
			children = (
				A50A8F7D2531F90D00364B82 /* Unifiable.swift */,
				A53C04AB254D4D80007F1438 /* Bluetooth.swift */,
				A551874725377A75001A8208 /* Calendars.swift */,
				A533FEE2253B2771003B7648 /* Camera.swift */,
				A50A8F802531F97C00364B82 /* Contacts.swift */,
				A501862A253F76ED00D9DC77 /* Health.swift */,
				A5B519D8253AEA83006870FA /* Home.swift */,
				A53C04C4254D6BE8007F1438 /* LocalNetwork.swift */,
				A553E45C254475BB00589764 /* Location.swift */,
				A5B519C32538D6F4006870FA /* Microphone.swift */,
				A5C49B91253B6F03004DDC66 /* Motion.swift */,
				A533FEEE253B597C003B7648 /* Music.swift */,
				A5B1D846253C211C00760382 /* Notifications.swift */,
				A5C49B84253B6602004DDC66 /* Photos.swift */,
				A50A8F832531FA5900364B82 /* Reminders.swift */,
				A5B519CB2538D955006870FA /* SpeechRecognition.swift */,
			);
			path = Extensions;
			sourceTree = "<group>";
		};
		A5DAF0462528D7ED002483A6 = {
			isa = PBXGroup;
			children = (
				A5DAF0512528D7ED002483A6 /* Example */,
				A5DAF0502528D7ED002483A6 /* Products */,
				A5DAF06A2528D832002483A6 /* Frameworks */,
			);
			sourceTree = "<group>";
		};
		A5DAF0502528D7ED002483A6 /* Products */ = {
			isa = PBXGroup;
			children = (
				A5DAF04F2528D7ED002483A6 /* Example.app */,
			);
			name = Products;
			sourceTree = "<group>";
		};
		A5DAF0512528D7ED002483A6 /* Example */ = {
			isa = PBXGroup;
			children = (
				A5DAF0522528D7ED002483A6 /* AppDelegate.swift */,
				A5DAF0542528D7ED002483A6 /* SceneDelegate.swift */,
				A5DAF0562528D7ED002483A6 /* ViewController.swift */,
				A5EDD6C32528DF51001F44C9 /* Main.storyboard */,
				A50A8F7C2531F8C100364B82 /* Extensions */,
				A5DAF05B2528D7EE002483A6 /* Assets.xcassets */,
				A5EDD6C42528DF52001F44C9 /* LaunchScreen.storyboard */,
				A5EDD6B52528DDD8001F44C9 /* Example.entitlements */,
				A5DAF0602528D7EE002483A6 /* Info.plist */,
			);
			path = Example;
			sourceTree = "<group>";
		};
		A5DAF06A2528D832002483A6 /* Frameworks */ = {
			isa = PBXGroup;
			children = (
				A53C04AD254D5078007F1438 /* HealthKit.framework */,
				A5EDD6B12528DB8B001F44C9 /* PermissionKit.framework */,
			);
			name = Frameworks;
			sourceTree = "<group>";
		};
/* End PBXGroup section */

/* Begin PBXNativeTarget section */
		A5DAF04E2528D7ED002483A6 /* Example */ = {
			isa = PBXNativeTarget;
			buildConfigurationList = A5DAF0632528D7EE002483A6 /* Build configuration list for PBXNativeTarget "Example" */;
			buildPhases = (
				A5DAF04B2528D7ED002483A6 /* Sources */,
				A5DAF04C2528D7ED002483A6 /* Frameworks */,
				A5DAF04D2528D7ED002483A6 /* Resources */,
				A533FEE9253B28E2003B7648 /* Embed Frameworks */,
			);
			buildRules = (
			);
			dependencies = (
			);
			name = Example;
			productName = Example;
			productReference = A5DAF04F2528D7ED002483A6 /* Example.app */;
			productType = "com.apple.product-type.application";
		};
/* End PBXNativeTarget section */

/* Begin PBXProject section */
		A5DAF0472528D7ED002483A6 /* Project object */ = {
			isa = PBXProject;
			attributes = {
				LastSwiftUpdateCheck = 1200;
				LastUpgradeCheck = 1200;
				TargetAttributes = {
					A5DAF04E2528D7ED002483A6 = {
						CreatedOnToolsVersion = 12.0.1;
					};
				};
			};
			buildConfigurationList = A5DAF04A2528D7ED002483A6 /* Build configuration list for PBXProject "Example" */;
			compatibilityVersion = "Xcode 9.3";
			developmentRegion = en;
			hasScannedForEncodings = 0;
			knownRegions = (
				en,
			);
			mainGroup = A5DAF0462528D7ED002483A6;
			productRefGroup = A5DAF0502528D7ED002483A6 /* Products */;
			projectDirPath = "";
			projectRoot = "";
			targets = (
				A5DAF04E2528D7ED002483A6 /* Example */,
			);
		};
/* End PBXProject section */

/* Begin PBXResourcesBuildPhase section */
		A5DAF04D2528D7ED002483A6 /* Resources */ = {
			isa = PBXResourcesBuildPhase;
			buildActionMask = 2147483647;
			files = (
				A5EDD6C62528DF52001F44C9 /* LaunchScreen.storyboard in Resources */,
				A5DAF05C2528D7EE002483A6 /* Assets.xcassets in Resources */,
				A5EDD6C52528DF52001F44C9 /* Main.storyboard in Resources */,
			);
			runOnlyForDeploymentPostprocessing = 0;
		};
/* End PBXResourcesBuildPhase section */

/* Begin PBXSourcesBuildPhase section */
		A5DAF04B2528D7ED002483A6 /* Sources */ = {
			isa = PBXSourcesBuildPhase;
			buildActionMask = 2147483647;
			files = (
				A5B519C42538D6F4006870FA /* Microphone.swift in Sources */,
				A533FEE3253B2771003B7648 /* Camera.swift in Sources */,
				A5DAF0572528D7ED002483A6 /* ViewController.swift in Sources */,
				A533FEEF253B597C003B7648 /* Music.swift in Sources */,
				A5C49B85253B6602004DDC66 /* Photos.swift in Sources */,
				A5DAF0532528D7ED002483A6 /* AppDelegate.swift in Sources */,
				A5B1D847253C211C00760382 /* Notifications.swift in Sources */,
				A53C04AC254D4D80007F1438 /* Bluetooth.swift in Sources */,
				A53C04C5254D6BE8007F1438 /* LocalNetwork.swift in Sources */,
				A553E45D254475BB00589764 /* Location.swift in Sources */,
				A501862B253F76ED00D9DC77 /* Health.swift in Sources */,
				A50A8F7E2531F90D00364B82 /* Unifiable.swift in Sources */,
				A551874825377A75001A8208 /* Calendars.swift in Sources */,
				A50A8F842531FA5900364B82 /* Reminders.swift in Sources */,
				A5B519D9253AEA83006870FA /* Home.swift in Sources */,
				A5B519CC2538D955006870FA /* SpeechRecognition.swift in Sources */,
				A5C49B92253B6F03004DDC66 /* Motion.swift in Sources */,
				A5DAF0552528D7ED002483A6 /* SceneDelegate.swift in Sources */,
				A50A8F812531F97C00364B82 /* Contacts.swift in Sources */,
			);
			runOnlyForDeploymentPostprocessing = 0;
		};
/* End PBXSourcesBuildPhase section */

/* Begin XCBuildConfiguration section */
		A5DAF0612528D7EE002483A6 /* Debug */ = {
			isa = XCBuildConfiguration;
			buildSettings = {
				ALWAYS_SEARCH_USER_PATHS = NO;
				CLANG_ANALYZER_NONNULL = YES;
				CLANG_ANALYZER_NUMBER_OBJECT_CONVERSION = YES_AGGRESSIVE;
				CLANG_CXX_LANGUAGE_STANDARD = "gnu++14";
				CLANG_CXX_LIBRARY = "libc++";
				CLANG_ENABLE_MODULES = YES;
				CLANG_ENABLE_OBJC_ARC = YES;
				CLANG_ENABLE_OBJC_WEAK = YES;
				CLANG_WARN_BLOCK_CAPTURE_AUTORELEASING = YES;
				CLANG_WARN_BOOL_CONVERSION = YES;
				CLANG_WARN_COMMA = YES;
				CLANG_WARN_CONSTANT_CONVERSION = YES;
				CLANG_WARN_DEPRECATED_OBJC_IMPLEMENTATIONS = YES;
				CLANG_WARN_DIRECT_OBJC_ISA_USAGE = YES_ERROR;
				CLANG_WARN_DOCUMENTATION_COMMENTS = YES;
				CLANG_WARN_EMPTY_BODY = YES;
				CLANG_WARN_ENUM_CONVERSION = YES;
				CLANG_WARN_INFINITE_RECURSION = YES;
				CLANG_WARN_INT_CONVERSION = YES;
				CLANG_WARN_NON_LITERAL_NULL_CONVERSION = YES;
				CLANG_WARN_OBJC_IMPLICIT_RETAIN_SELF = YES;
				CLANG_WARN_OBJC_LITERAL_CONVERSION = YES;
				CLANG_WARN_OBJC_ROOT_CLASS = YES_ERROR;
				CLANG_WARN_QUOTED_INCLUDE_IN_FRAMEWORK_HEADER = YES;
				CLANG_WARN_RANGE_LOOP_ANALYSIS = YES;
				CLANG_WARN_STRICT_PROTOTYPES = YES;
				CLANG_WARN_SUSPICIOUS_MOVE = YES;
				CLANG_WARN_UNGUARDED_AVAILABILITY = YES_AGGRESSIVE;
				CLANG_WARN_UNREACHABLE_CODE = YES;
				CLANG_WARN__DUPLICATE_METHOD_MATCH = YES;
				COPY_PHASE_STRIP = NO;
				DEBUG_INFORMATION_FORMAT = dwarf;
				ENABLE_STRICT_OBJC_MSGSEND = YES;
				ENABLE_TESTABILITY = YES;
				GCC_C_LANGUAGE_STANDARD = gnu11;
				GCC_DYNAMIC_NO_PIC = NO;
				GCC_NO_COMMON_BLOCKS = YES;
				GCC_OPTIMIZATION_LEVEL = 0;
				GCC_PREPROCESSOR_DEFINITIONS = (
					"DEBUG=1",
					"$(inherited)",
				);
				GCC_WARN_64_TO_32_BIT_CONVERSION = YES;
				GCC_WARN_ABOUT_RETURN_TYPE = YES_ERROR;
				GCC_WARN_UNDECLARED_SELECTOR = YES;
				GCC_WARN_UNINITIALIZED_AUTOS = YES_AGGRESSIVE;
				GCC_WARN_UNUSED_FUNCTION = YES;
				GCC_WARN_UNUSED_VARIABLE = YES;
				IPHONEOS_DEPLOYMENT_TARGET = 14.0;
				MTL_ENABLE_DEBUG_INFO = INCLUDE_SOURCE;
				MTL_FAST_MATH = YES;
				ONLY_ACTIVE_ARCH = YES;
				SDKROOT = iphoneos;
				SWIFT_ACTIVE_COMPILATION_CONDITIONS = DEBUG;
				SWIFT_OPTIMIZATION_LEVEL = "-Onone";
			};
			name = Debug;
		};
		A5DAF0622528D7EE002483A6 /* Release */ = {
			isa = XCBuildConfiguration;
			buildSettings = {
				ALWAYS_SEARCH_USER_PATHS = NO;
				CLANG_ANALYZER_NONNULL = YES;
				CLANG_ANALYZER_NUMBER_OBJECT_CONVERSION = YES_AGGRESSIVE;
				CLANG_CXX_LANGUAGE_STANDARD = "gnu++14";
				CLANG_CXX_LIBRARY = "libc++";
				CLANG_ENABLE_MODULES = YES;
				CLANG_ENABLE_OBJC_ARC = YES;
				CLANG_ENABLE_OBJC_WEAK = YES;
				CLANG_WARN_BLOCK_CAPTURE_AUTORELEASING = YES;
				CLANG_WARN_BOOL_CONVERSION = YES;
				CLANG_WARN_COMMA = YES;
				CLANG_WARN_CONSTANT_CONVERSION = YES;
				CLANG_WARN_DEPRECATED_OBJC_IMPLEMENTATIONS = YES;
				CLANG_WARN_DIRECT_OBJC_ISA_USAGE = YES_ERROR;
				CLANG_WARN_DOCUMENTATION_COMMENTS = YES;
				CLANG_WARN_EMPTY_BODY = YES;
				CLANG_WARN_ENUM_CONVERSION = YES;
				CLANG_WARN_INFINITE_RECURSION = YES;
				CLANG_WARN_INT_CONVERSION = YES;
				CLANG_WARN_NON_LITERAL_NULL_CONVERSION = YES;
				CLANG_WARN_OBJC_IMPLICIT_RETAIN_SELF = YES;
				CLANG_WARN_OBJC_LITERAL_CONVERSION = YES;
				CLANG_WARN_OBJC_ROOT_CLASS = YES_ERROR;
				CLANG_WARN_QUOTED_INCLUDE_IN_FRAMEWORK_HEADER = YES;
				CLANG_WARN_RANGE_LOOP_ANALYSIS = YES;
				CLANG_WARN_STRICT_PROTOTYPES = YES;
				CLANG_WARN_SUSPICIOUS_MOVE = YES;
				CLANG_WARN_UNGUARDED_AVAILABILITY = YES_AGGRESSIVE;
				CLANG_WARN_UNREACHABLE_CODE = YES;
				CLANG_WARN__DUPLICATE_METHOD_MATCH = YES;
				COPY_PHASE_STRIP = NO;
				DEBUG_INFORMATION_FORMAT = "dwarf-with-dsym";
				ENABLE_NS_ASSERTIONS = NO;
				ENABLE_STRICT_OBJC_MSGSEND = YES;
				GCC_C_LANGUAGE_STANDARD = gnu11;
				GCC_NO_COMMON_BLOCKS = YES;
				GCC_WARN_64_TO_32_BIT_CONVERSION = YES;
				GCC_WARN_ABOUT_RETURN_TYPE = YES_ERROR;
				GCC_WARN_UNDECLARED_SELECTOR = YES;
				GCC_WARN_UNINITIALIZED_AUTOS = YES_AGGRESSIVE;
				GCC_WARN_UNUSED_FUNCTION = YES;
				GCC_WARN_UNUSED_VARIABLE = YES;
				IPHONEOS_DEPLOYMENT_TARGET = 14.0;
				MTL_ENABLE_DEBUG_INFO = NO;
				MTL_FAST_MATH = YES;
				SDKROOT = iphoneos;
				SWIFT_COMPILATION_MODE = wholemodule;
				SWIFT_OPTIMIZATION_LEVEL = "-O";
				VALIDATE_PRODUCT = YES;
			};
			name = Release;
		};
		A5DAF0642528D7EE002483A6 /* Debug */ = {
			isa = XCBuildConfiguration;
			buildSettings = {
				ASSETCATALOG_COMPILER_APPICON_NAME = "App Icon";
				ASSETCATALOG_COMPILER_GLOBAL_ACCENT_COLOR_NAME = "Accent Color";
				CODE_SIGN_ENTITLEMENTS = Example/Example.entitlements;
				"CODE_SIGN_IDENTITY[sdk=macosx*]" = "Apple Development";
				CODE_SIGN_STYLE = Automatic;
				INFOPLIST_FILE = Example/Info.plist;
				IPHONEOS_DEPLOYMENT_TARGET = 14.0;
				"IPHONEOS_DEPLOYMENT_TARGET[sdk=macosx*]" = 13.6;
				LD_RUNPATH_SEARCH_PATHS = (
					"$(inherited)",
					"@executable_path/Frameworks",
				);
				PRODUCT_BUNDLE_IDENTIFIER = debug45.PermissionKit.Example;
				PRODUCT_NAME = "$(TARGET_NAME)";
				SUPPORTS_MACCATALYST = YES;
				SWIFT_VERSION = 5.0;
				TARGETED_DEVICE_FAMILY = "1,2";
			};
			name = Debug;
		};
		A5DAF0652528D7EE002483A6 /* Release */ = {
			isa = XCBuildConfiguration;
			buildSettings = {
				ASSETCATALOG_COMPILER_APPICON_NAME = "App Icon";
				ASSETCATALOG_COMPILER_GLOBAL_ACCENT_COLOR_NAME = "Accent Color";
				CODE_SIGN_ENTITLEMENTS = Example/Example.entitlements;
				"CODE_SIGN_IDENTITY[sdk=macosx*]" = "Apple Development";
				CODE_SIGN_STYLE = Automatic;
				INFOPLIST_FILE = Example/Info.plist;
				IPHONEOS_DEPLOYMENT_TARGET = 14.0;
				"IPHONEOS_DEPLOYMENT_TARGET[sdk=macosx*]" = 13.6;
				LD_RUNPATH_SEARCH_PATHS = (
					"$(inherited)",
					"@executable_path/Frameworks",
				);
				PRODUCT_BUNDLE_IDENTIFIER = debug45.PermissionKit.Example;
				PRODUCT_NAME = "$(TARGET_NAME)";
				SUPPORTS_MACCATALYST = YES;
				SWIFT_VERSION = 5.0;
				TARGETED_DEVICE_FAMILY = "1,2";
			};
			name = Release;
		};
/* End XCBuildConfiguration section */

/* Begin XCConfigurationList section */
		A5DAF04A2528D7ED002483A6 /* Build configuration list for PBXProject "Example" */ = {
			isa = XCConfigurationList;
			buildConfigurations = (
				A5DAF0612528D7EE002483A6 /* Debug */,
				A5DAF0622528D7EE002483A6 /* Release */,
			);
			defaultConfigurationIsVisible = 0;
			defaultConfigurationName = Release;
		};
		A5DAF0632528D7EE002483A6 /* Build configuration list for PBXNativeTarget "Example" */ = {
			isa = XCConfigurationList;
			buildConfigurations = (
				A5DAF0642528D7EE002483A6 /* Debug */,
				A5DAF0652528D7EE002483A6 /* Release */,
			);
			defaultConfigurationIsVisible = 0;
			defaultConfigurationName = Release;
		};
/* End XCConfigurationList section */
	};
	rootObject = A5DAF0472528D7ED002483A6 /* Project object */;
}
