// !$*UTF8*$!
{
	archiveVersion = 1;
	classes = {
	};
	objectVersion = 54;
	objects = {

/* Begin PBXBuildFile section */
		A533FEE7253B28E2003B7648 /* PermissionWizard.framework in Frameworks */ = {isa = PBXBuildFile; fileRef = A5EDD6B12528DB8B001F44C9 /* PermissionWizard.framework */; };
		A533FEE8253B28E2003B7648 /* PermissionWizard.framework in Embed Frameworks */ = {isa = PBXBuildFile; fileRef = A5EDD6B12528DB8B001F44C9 /* PermissionWizard.framework */; settings = {ATTRIBUTES = (CodeSignOnCopy, RemoveHeadersOnCopy, ); }; };
		A59228A12559189A00DA9780 /* DetailViewController.swift in Sources */ = {isa = PBXBuildFile; fileRef = A59228A02559189A00DA9780 /* DetailViewController.swift */; };
		A59228A32559347900DA9780 /* Panel.swift in Sources */ = {isa = PBXBuildFile; fileRef = A59228A22559347900DA9780 /* Panel.swift */; };
		A59228A62559418E00DA9780 /* SpeechRecognitionPanel.swift in Sources */ = {isa = PBXBuildFile; fileRef = A59228A52559418E00DA9780 /* SpeechRecognitionPanel.swift */; };
		A59228A82559439100DA9780 /* BluetoothPanel.swift in Sources */ = {isa = PBXBuildFile; fileRef = A59228A72559439100DA9780 /* BluetoothPanel.swift */; };
		A59228AA2559440100DA9780 /* CalendarsPanel.swift in Sources */ = {isa = PBXBuildFile; fileRef = A59228A92559440100DA9780 /* CalendarsPanel.swift */; };
		A59228AC2559443A00DA9780 /* CameraPanel.swift in Sources */ = {isa = PBXBuildFile; fileRef = A59228AB2559443A00DA9780 /* CameraPanel.swift */; };
		A59228AE2559443C00DA9780 /* ContactsPanel.swift in Sources */ = {isa = PBXBuildFile; fileRef = A59228AD2559443C00DA9780 /* ContactsPanel.swift */; };
		A59228B02559443D00DA9780 /* FaceIDPanel.swift in Sources */ = {isa = PBXBuildFile; fileRef = A59228AF2559443D00DA9780 /* FaceIDPanel.swift */; };
		A59228B22559443F00DA9780 /* HealthPanel.swift in Sources */ = {isa = PBXBuildFile; fileRef = A59228B12559443F00DA9780 /* HealthPanel.swift */; };
		A59228B42559444000DA9780 /* HomePanel.swift in Sources */ = {isa = PBXBuildFile; fileRef = A59228B32559444000DA9780 /* HomePanel.swift */; };
		A59228B62559444100DA9780 /* LocalNetworkPanel.swift in Sources */ = {isa = PBXBuildFile; fileRef = A59228B52559444100DA9780 /* LocalNetworkPanel.swift */; };
		A59228B82559445100DA9780 /* LocationPanel.swift in Sources */ = {isa = PBXBuildFile; fileRef = A59228B72559445100DA9780 /* LocationPanel.swift */; };
		A59228BA2559445200DA9780 /* MicrophonePanel.swift in Sources */ = {isa = PBXBuildFile; fileRef = A59228B92559445200DA9780 /* MicrophonePanel.swift */; };
		A59228BC2559445300DA9780 /* MotionPanel.swift in Sources */ = {isa = PBXBuildFile; fileRef = A59228BB2559445300DA9780 /* MotionPanel.swift */; };
		A59228BE2559445500DA9780 /* MusicPanel.swift in Sources */ = {isa = PBXBuildFile; fileRef = A59228BD2559445500DA9780 /* MusicPanel.swift */; };
		A59228C02559445600DA9780 /* NotificationsPanel.swift in Sources */ = {isa = PBXBuildFile; fileRef = A59228BF2559445600DA9780 /* NotificationsPanel.swift */; };
		A59228C22559445800DA9780 /* PhotosPanel.swift in Sources */ = {isa = PBXBuildFile; fileRef = A59228C12559445800DA9780 /* PhotosPanel.swift */; };
		A59228C42559445A00DA9780 /* RemindersPanel.swift in Sources */ = {isa = PBXBuildFile; fileRef = A59228C32559445A00DA9780 /* RemindersPanel.swift */; };
		A59228CA2559581100DA9780 /* PWButton.swift in Sources */ = {isa = PBXBuildFile; fileRef = A59228C92559581100DA9780 /* PWButton.swift */; };
		A5CB5854255C5FEC00B2AC1A /* PWHeader.swift in Sources */ = {isa = PBXBuildFile; fileRef = A5CB5853255C5FEC00B2AC1A /* PWHeader.swift */; };
		A5DAF0532528D7ED002483A6 /* AppDelegate.swift in Sources */ = {isa = PBXBuildFile; fileRef = A5DAF0522528D7ED002483A6 /* AppDelegate.swift */; };
		A5DAF0572528D7ED002483A6 /* ListViewController.swift in Sources */ = {isa = PBXBuildFile; fileRef = A5DAF0562528D7ED002483A6 /* ListViewController.swift */; };
		A5DAF05C2528D7EE002483A6 /* Assets.xcassets in Resources */ = {isa = PBXBuildFile; fileRef = A5DAF05B2528D7EE002483A6 /* Assets.xcassets */; };
		A5EDD6C52528DF52001F44C9 /* Main.storyboard in Resources */ = {isa = PBXBuildFile; fileRef = A5EDD6C32528DF51001F44C9 /* Main.storyboard */; };
		A5EDD6C62528DF52001F44C9 /* LaunchScreen.storyboard in Resources */ = {isa = PBXBuildFile; fileRef = A5EDD6C42528DF52001F44C9 /* LaunchScreen.storyboard */; };
/* End PBXBuildFile section */

/* Begin PBXCopyFilesBuildPhase section */
		A533FEE9253B28E2003B7648 /* Embed Frameworks */ = {
			isa = PBXCopyFilesBuildPhase;
			buildActionMask = 2147483647;
			dstPath = "";
			dstSubfolderSpec = 10;
			files = (
				A533FEE8253B28E2003B7648 /* PermissionWizard.framework in Embed Frameworks */,
			);
			name = "Embed Frameworks";
			runOnlyForDeploymentPostprocessing = 0;
		};
/* End PBXCopyFilesBuildPhase section */

/* Begin PBXFileReference section */
		A53C04AD254D5078007F1438 /* HealthKit.framework */ = {isa = PBXFileReference; lastKnownFileType = wrapper.framework; name = HealthKit.framework; path = System/Library/Frameworks/HealthKit.framework; sourceTree = SDKROOT; };
		A59228A02559189A00DA9780 /* DetailViewController.swift */ = {isa = PBXFileReference; lastKnownFileType = sourcecode.swift; path = DetailViewController.swift; sourceTree = "<group>"; };
		A59228A22559347900DA9780 /* Panel.swift */ = {isa = PBXFileReference; lastKnownFileType = sourcecode.swift; path = Panel.swift; sourceTree = "<group>"; };
		A59228A52559418E00DA9780 /* SpeechRecognitionPanel.swift */ = {isa = PBXFileReference; lastKnownFileType = sourcecode.swift; path = SpeechRecognitionPanel.swift; sourceTree = "<group>"; };
		A59228A72559439100DA9780 /* BluetoothPanel.swift */ = {isa = PBXFileReference; lastKnownFileType = sourcecode.swift; path = BluetoothPanel.swift; sourceTree = "<group>"; };
		A59228A92559440100DA9780 /* CalendarsPanel.swift */ = {isa = PBXFileReference; lastKnownFileType = sourcecode.swift; path = CalendarsPanel.swift; sourceTree = "<group>"; };
		A59228AB2559443A00DA9780 /* CameraPanel.swift */ = {isa = PBXFileReference; lastKnownFileType = sourcecode.swift; path = CameraPanel.swift; sourceTree = "<group>"; };
		A59228AD2559443C00DA9780 /* ContactsPanel.swift */ = {isa = PBXFileReference; lastKnownFileType = sourcecode.swift; path = ContactsPanel.swift; sourceTree = "<group>"; };
		A59228AF2559443D00DA9780 /* FaceIDPanel.swift */ = {isa = PBXFileReference; lastKnownFileType = sourcecode.swift; path = FaceIDPanel.swift; sourceTree = "<group>"; };
		A59228B12559443F00DA9780 /* HealthPanel.swift */ = {isa = PBXFileReference; lastKnownFileType = sourcecode.swift; path = HealthPanel.swift; sourceTree = "<group>"; };
		A59228B32559444000DA9780 /* HomePanel.swift */ = {isa = PBXFileReference; lastKnownFileType = sourcecode.swift; path = HomePanel.swift; sourceTree = "<group>"; };
		A59228B52559444100DA9780 /* LocalNetworkPanel.swift */ = {isa = PBXFileReference; lastKnownFileType = sourcecode.swift; path = LocalNetworkPanel.swift; sourceTree = "<group>"; };
		A59228B72559445100DA9780 /* LocationPanel.swift */ = {isa = PBXFileReference; lastKnownFileType = sourcecode.swift; path = LocationPanel.swift; sourceTree = "<group>"; };
		A59228B92559445200DA9780 /* MicrophonePanel.swift */ = {isa = PBXFileReference; lastKnownFileType = sourcecode.swift; path = MicrophonePanel.swift; sourceTree = "<group>"; };
		A59228BB2559445300DA9780 /* MotionPanel.swift */ = {isa = PBXFileReference; lastKnownFileType = sourcecode.swift; path = MotionPanel.swift; sourceTree = "<group>"; };
		A59228BD2559445500DA9780 /* MusicPanel.swift */ = {isa = PBXFileReference; lastKnownFileType = sourcecode.swift; path = MusicPanel.swift; sourceTree = "<group>"; };
		A59228BF2559445600DA9780 /* NotificationsPanel.swift */ = {isa = PBXFileReference; lastKnownFileType = sourcecode.swift; path = NotificationsPanel.swift; sourceTree = "<group>"; };
		A59228C12559445800DA9780 /* PhotosPanel.swift */ = {isa = PBXFileReference; lastKnownFileType = sourcecode.swift; path = PhotosPanel.swift; sourceTree = "<group>"; };
		A59228C32559445A00DA9780 /* RemindersPanel.swift */ = {isa = PBXFileReference; lastKnownFileType = sourcecode.swift; path = RemindersPanel.swift; sourceTree = "<group>"; };
		A59228C92559581100DA9780 /* PWButton.swift */ = {isa = PBXFileReference; lastKnownFileType = sourcecode.swift; path = PWButton.swift; sourceTree = "<group>"; };
		A5CB5853255C5FEC00B2AC1A /* PWHeader.swift */ = {isa = PBXFileReference; lastKnownFileType = sourcecode.swift; path = PWHeader.swift; sourceTree = "<group>"; };
		A5DAF04F2528D7ED002483A6 /* Example.app */ = {isa = PBXFileReference; explicitFileType = wrapper.application; includeInIndex = 0; path = Example.app; sourceTree = BUILT_PRODUCTS_DIR; };
		A5DAF0522528D7ED002483A6 /* AppDelegate.swift */ = {isa = PBXFileReference; lastKnownFileType = sourcecode.swift; path = AppDelegate.swift; sourceTree = "<group>"; };
		A5DAF0562528D7ED002483A6 /* ListViewController.swift */ = {isa = PBXFileReference; lastKnownFileType = sourcecode.swift; path = ListViewController.swift; sourceTree = "<group>"; };
		A5DAF05B2528D7EE002483A6 /* Assets.xcassets */ = {isa = PBXFileReference; lastKnownFileType = folder.assetcatalog; path = Assets.xcassets; sourceTree = "<group>"; };
		A5DAF0602528D7EE002483A6 /* Info.plist */ = {isa = PBXFileReference; lastKnownFileType = text.plist.xml; path = Info.plist; sourceTree = "<group>"; };
		A5EDD6B12528DB8B001F44C9 /* PermissionWizard.framework */ = {isa = PBXFileReference; explicitFileType = wrapper.framework; path = PermissionWizard.framework; sourceTree = BUILT_PRODUCTS_DIR; };
		A5EDD6B52528DDD8001F44C9 /* Example.entitlements */ = {isa = PBXFileReference; lastKnownFileType = text.plist.entitlements; path = Example.entitlements; sourceTree = "<group>"; };
		A5EDD6C32528DF51001F44C9 /* Main.storyboard */ = {isa = PBXFileReference; fileEncoding = 4; lastKnownFileType = file.storyboard; path = Main.storyboard; sourceTree = "<group>"; };
		A5EDD6C42528DF52001F44C9 /* LaunchScreen.storyboard */ = {isa = PBXFileReference; fileEncoding = 4; lastKnownFileType = file.storyboard; path = LaunchScreen.storyboard; sourceTree = "<group>"; };
/* End PBXFileReference section */

/* Begin PBXFrameworksBuildPhase section */
		A5DAF04C2528D7ED002483A6 /* Frameworks */ = {
			isa = PBXFrameworksBuildPhase;
			buildActionMask = 2147483647;
			files = (
				A533FEE7253B28E2003B7648 /* PermissionWizard.framework in Frameworks */,
			);
			runOnlyForDeploymentPostprocessing = 0;
		};
/* End PBXFrameworksBuildPhase section */

/* Begin PBXGroup section */
		A59228A42559411C00DA9780 /* Panels */ = {
			isa = PBXGroup;
			children = (
				A59228A22559347900DA9780 /* Panel.swift */,
				A59228A72559439100DA9780 /* BluetoothPanel.swift */,
				A59228A92559440100DA9780 /* CalendarsPanel.swift */,
				A59228AB2559443A00DA9780 /* CameraPanel.swift */,
				A59228AD2559443C00DA9780 /* ContactsPanel.swift */,
				A59228AF2559443D00DA9780 /* FaceIDPanel.swift */,
				A59228B12559443F00DA9780 /* HealthPanel.swift */,
				A59228B32559444000DA9780 /* HomePanel.swift */,
				A59228B52559444100DA9780 /* LocalNetworkPanel.swift */,
				A59228B72559445100DA9780 /* LocationPanel.swift */,
				A59228B92559445200DA9780 /* MicrophonePanel.swift */,
				A59228BB2559445300DA9780 /* MotionPanel.swift */,
				A59228BD2559445500DA9780 /* MusicPanel.swift */,
				A59228BF2559445600DA9780 /* NotificationsPanel.swift */,
				A59228C12559445800DA9780 /* PhotosPanel.swift */,
				A59228C32559445A00DA9780 /* RemindersPanel.swift */,
				A59228A52559418E00DA9780 /* SpeechRecognitionPanel.swift */,
			);
			path = Panels;
			sourceTree = "<group>";
		};
		A59228C8255957FF00DA9780 /* Framework */ = {
			isa = PBXGroup;
			children = (
				A5CB5853255C5FEC00B2AC1A /* PWHeader.swift */,
				A59228C92559581100DA9780 /* PWButton.swift */,
			);
			path = Framework;
			sourceTree = "<group>";
		};
		A5DAF0462528D7ED002483A6 = {
			isa = PBXGroup;
			children = (
				A5DAF0522528D7ED002483A6 /* AppDelegate.swift */,
				A5DAF0562528D7ED002483A6 /* ListViewController.swift */,
				A59228A02559189A00DA9780 /* DetailViewController.swift */,
				A59228A42559411C00DA9780 /* Panels */,
				A59228C8255957FF00DA9780 /* Framework */,
				A5EDD6C32528DF51001F44C9 /* Main.storyboard */,
				A5EDD6C42528DF52001F44C9 /* LaunchScreen.storyboard */,
				A5DAF05B2528D7EE002483A6 /* Assets.xcassets */,
				A5EDD6B52528DDD8001F44C9 /* Example.entitlements */,
				A5DAF0602528D7EE002483A6 /* Info.plist */,
				A5DAF0502528D7ED002483A6 /* Products */,
				A5DAF06A2528D832002483A6 /* Frameworks */,
			);
			sourceTree = "<group>";
		};
		A5DAF0502528D7ED002483A6 /* Products */ = {
			isa = PBXGroup;
			children = (
				A5DAF04F2528D7ED002483A6 /* Example.app */,
			);
			name = Products;
			sourceTree = "<group>";
		};
		A5DAF06A2528D832002483A6 /* Frameworks */ = {
			isa = PBXGroup;
			children = (
				A53C04AD254D5078007F1438 /* HealthKit.framework */,
				A5EDD6B12528DB8B001F44C9 /* PermissionWizard.framework */,
			);
			name = Frameworks;
			sourceTree = "<group>";
		};
/* End PBXGroup section */

/* Begin PBXNativeTarget section */
		A5DAF04E2528D7ED002483A6 /* Example */ = {
			isa = PBXNativeTarget;
			buildConfigurationList = A5DAF0632528D7EE002483A6 /* Build configuration list for PBXNativeTarget "Example" */;
			buildPhases = (
				A5DAF04B2528D7ED002483A6 /* Sources */,
				A5DAF04C2528D7ED002483A6 /* Frameworks */,
				A5DAF04D2528D7ED002483A6 /* Resources */,
				A533FEE9253B28E2003B7648 /* Embed Frameworks */,
			);
			buildRules = (
			);
			dependencies = (
			);
			name = Example;
			productName = Example;
			productReference = A5DAF04F2528D7ED002483A6 /* Example.app */;
			productType = "com.apple.product-type.application";
		};
/* End PBXNativeTarget section */

/* Begin PBXProject section */
		A5DAF0472528D7ED002483A6 /* Project object */ = {
			isa = PBXProject;
			attributes = {
				LastSwiftUpdateCheck = 1200;
				LastUpgradeCheck = 1220;
				TargetAttributes = {
					A5DAF04E2528D7ED002483A6 = {
						CreatedOnToolsVersion = 12.0.1;
					};
				};
			};
			buildConfigurationList = A5DAF04A2528D7ED002483A6 /* Build configuration list for PBXProject "Example" */;
			developmentRegion = en;
			compatibilityVersion = "Xcode 12.0";
			hasScannedForEncodings = 0;
			knownRegions = (
				en,
				Base,
			);
			mainGroup = A5DAF0462528D7ED002483A6;
			productRefGroup = A5DAF0502528D7ED002483A6 /* Products */;
			projectDirPath = "";
			projectRoot = "";
			targets = (
				A5DAF04E2528D7ED002483A6 /* Example */,
			);
		};
/* End PBXProject section */

/* Begin PBXResourcesBuildPhase section */
		A5DAF04D2528D7ED002483A6 /* Resources */ = {
			isa = PBXResourcesBuildPhase;
			buildActionMask = 2147483647;
			files = (
				A5EDD6C62528DF52001F44C9 /* LaunchScreen.storyboard in Resources */,
				A5DAF05C2528D7EE002483A6 /* Assets.xcassets in Resources */,
				A5EDD6C52528DF52001F44C9 /* Main.storyboard in Resources */,
			);
			runOnlyForDeploymentPostprocessing = 0;
		};
/* End PBXResourcesBuildPhase section */

/* Begin PBXSourcesBuildPhase section */
		A5DAF04B2528D7ED002483A6 /* Sources */ = {
			isa = PBXSourcesBuildPhase;
			buildActionMask = 2147483647;
			files = (
				A5DAF0572528D7ED002483A6 /* ListViewController.swift in Sources */,
				A59228B42559444000DA9780 /* HomePanel.swift in Sources */,
				A59228BA2559445200DA9780 /* MicrophonePanel.swift in Sources */,
				A59228AC2559443A00DA9780 /* CameraPanel.swift in Sources */,
				A59228AE2559443C00DA9780 /* ContactsPanel.swift in Sources */,
				A5DAF0532528D7ED002483A6 /* AppDelegate.swift in Sources */,
				A59228A62559418E00DA9780 /* SpeechRecognitionPanel.swift in Sources */,
				A5CB5854255C5FEC00B2AC1A /* PWHeader.swift in Sources */,
				A59228B02559443D00DA9780 /* FaceIDPanel.swift in Sources */,
				A59228C02559445600DA9780 /* NotificationsPanel.swift in Sources */,
				A59228A32559347900DA9780 /* Panel.swift in Sources */,
				A59228BC2559445300DA9780 /* MotionPanel.swift in Sources */,
				A59228CA2559581100DA9780 /* PWButton.swift in Sources */,
				A59228A82559439100DA9780 /* BluetoothPanel.swift in Sources */,
				A59228C42559445A00DA9780 /* RemindersPanel.swift in Sources */,
				A59228B62559444100DA9780 /* LocalNetworkPanel.swift in Sources */,
				A59228C22559445800DA9780 /* PhotosPanel.swift in Sources */,
				A59228B22559443F00DA9780 /* HealthPanel.swift in Sources */,
				A59228B82559445100DA9780 /* LocationPanel.swift in Sources */,
				A59228BE2559445500DA9780 /* MusicPanel.swift in Sources */,
				A59228AA2559440100DA9780 /* CalendarsPanel.swift in Sources */,
				A59228A12559189A00DA9780 /* DetailViewController.swift in Sources */,
			);
			runOnlyForDeploymentPostprocessing = 0;
		};
/* End PBXSourcesBuildPhase section */

/* Begin XCBuildConfiguration section */
		A5DAF0612528D7EE002483A6 /* Debug */ = {
			isa = XCBuildConfiguration;
			buildSettings = {
				ALWAYS_SEARCH_USER_PATHS = NO;
				CLANG_ANALYZER_NONNULL = YES;
				CLANG_ANALYZER_NUMBER_OBJECT_CONVERSION = YES_AGGRESSIVE;
				CLANG_CXX_LANGUAGE_STANDARD = "gnu++14";
				CLANG_CXX_LIBRARY = "libc++";
				CLANG_ENABLE_MODULES = YES;
				CLANG_ENABLE_OBJC_ARC = YES;
				CLANG_ENABLE_OBJC_WEAK = YES;
				CLANG_WARN_BLOCK_CAPTURE_AUTORELEASING = YES;
				CLANG_WARN_BOOL_CONVERSION = YES;
				CLANG_WARN_COMMA = YES;
				CLANG_WARN_CONSTANT_CONVERSION = YES;
				CLANG_WARN_DEPRECATED_OBJC_IMPLEMENTATIONS = YES;
				CLANG_WARN_DIRECT_OBJC_ISA_USAGE = YES_ERROR;
				CLANG_WARN_DOCUMENTATION_COMMENTS = YES;
				CLANG_WARN_EMPTY_BODY = YES;
				CLANG_WARN_ENUM_CONVERSION = YES;
				CLANG_WARN_INFINITE_RECURSION = YES;
				CLANG_WARN_INT_CONVERSION = YES;
				CLANG_WARN_NON_LITERAL_NULL_CONVERSION = YES;
				CLANG_WARN_OBJC_IMPLICIT_RETAIN_SELF = YES;
				CLANG_WARN_OBJC_LITERAL_CONVERSION = YES;
				CLANG_WARN_OBJC_ROOT_CLASS = YES_ERROR;
				CLANG_WARN_QUOTED_INCLUDE_IN_FRAMEWORK_HEADER = YES;
				CLANG_WARN_RANGE_LOOP_ANALYSIS = YES;
				CLANG_WARN_STRICT_PROTOTYPES = YES;
				CLANG_WARN_SUSPICIOUS_MOVE = YES;
				CLANG_WARN_UNGUARDED_AVAILABILITY = YES_AGGRESSIVE;
				CLANG_WARN_UNREACHABLE_CODE = YES;
				CLANG_WARN__DUPLICATE_METHOD_MATCH = YES;
				COPY_PHASE_STRIP = NO;
				DEBUG_INFORMATION_FORMAT = dwarf;
				ENABLE_STRICT_OBJC_MSGSEND = YES;
				ENABLE_TESTABILITY = YES;
				GCC_C_LANGUAGE_STANDARD = gnu11;
				GCC_DYNAMIC_NO_PIC = NO;
				GCC_NO_COMMON_BLOCKS = YES;
				GCC_OPTIMIZATION_LEVEL = 0;
				GCC_PREPROCESSOR_DEFINITIONS = (
					"DEBUG=1",
					"$(inherited)",
				);
				GCC_WARN_64_TO_32_BIT_CONVERSION = YES;
				GCC_WARN_ABOUT_RETURN_TYPE = YES_ERROR;
				GCC_WARN_UNDECLARED_SELECTOR = YES;
				GCC_WARN_UNINITIALIZED_AUTOS = YES_AGGRESSIVE;
				GCC_WARN_UNUSED_FUNCTION = YES;
				GCC_WARN_UNUSED_VARIABLE = YES;
				IPHONEOS_DEPLOYMENT_TARGET = 10.0;
				MTL_ENABLE_DEBUG_INFO = INCLUDE_SOURCE;
				MTL_FAST_MATH = YES;
				ONLY_ACTIVE_ARCH = YES;
				SDKROOT = iphoneos;
				SWIFT_ACTIVE_COMPILATION_CONDITIONS = DEBUG;
				SWIFT_OPTIMIZATION_LEVEL = "-Onone";
			};
			name = Debug;
		};
		A5DAF0622528D7EE002483A6 /* Release */ = {
			isa = XCBuildConfiguration;
			buildSettings = {
				ALWAYS_SEARCH_USER_PATHS = NO;
				CLANG_ANALYZER_NONNULL = YES;
				CLANG_ANALYZER_NUMBER_OBJECT_CONVERSION = YES_AGGRESSIVE;
				CLANG_CXX_LANGUAGE_STANDARD = "gnu++14";
				CLANG_CXX_LIBRARY = "libc++";
				CLANG_ENABLE_MODULES = YES;
				CLANG_ENABLE_OBJC_ARC = YES;
				CLANG_ENABLE_OBJC_WEAK = YES;
				CLANG_WARN_BLOCK_CAPTURE_AUTORELEASING = YES;
				CLANG_WARN_BOOL_CONVERSION = YES;
				CLANG_WARN_COMMA = YES;
				CLANG_WARN_CONSTANT_CONVERSION = YES;
				CLANG_WARN_DEPRECATED_OBJC_IMPLEMENTATIONS = YES;
				CLANG_WARN_DIRECT_OBJC_ISA_USAGE = YES_ERROR;
				CLANG_WARN_DOCUMENTATION_COMMENTS = YES;
				CLANG_WARN_EMPTY_BODY = YES;
				CLANG_WARN_ENUM_CONVERSION = YES;
				CLANG_WARN_INFINITE_RECURSION = YES;
				CLANG_WARN_INT_CONVERSION = YES;
				CLANG_WARN_NON_LITERAL_NULL_CONVERSION = YES;
				CLANG_WARN_OBJC_IMPLICIT_RETAIN_SELF = YES;
				CLANG_WARN_OBJC_LITERAL_CONVERSION = YES;
				CLANG_WARN_OBJC_ROOT_CLASS = YES_ERROR;
				CLANG_WARN_QUOTED_INCLUDE_IN_FRAMEWORK_HEADER = YES;
				CLANG_WARN_RANGE_LOOP_ANALYSIS = YES;
				CLANG_WARN_STRICT_PROTOTYPES = YES;
				CLANG_WARN_SUSPICIOUS_MOVE = YES;
				CLANG_WARN_UNGUARDED_AVAILABILITY = YES_AGGRESSIVE;
				CLANG_WARN_UNREACHABLE_CODE = YES;
				CLANG_WARN__DUPLICATE_METHOD_MATCH = YES;
				COPY_PHASE_STRIP = NO;
				DEBUG_INFORMATION_FORMAT = "dwarf-with-dsym";
				ENABLE_NS_ASSERTIONS = NO;
				ENABLE_STRICT_OBJC_MSGSEND = YES;
				GCC_C_LANGUAGE_STANDARD = gnu11;
				GCC_NO_COMMON_BLOCKS = YES;
				GCC_WARN_64_TO_32_BIT_CONVERSION = YES;
				GCC_WARN_ABOUT_RETURN_TYPE = YES_ERROR;
				GCC_WARN_UNDECLARED_SELECTOR = YES;
				GCC_WARN_UNINITIALIZED_AUTOS = YES_AGGRESSIVE;
				GCC_WARN_UNUSED_FUNCTION = YES;
				GCC_WARN_UNUSED_VARIABLE = YES;
				IPHONEOS_DEPLOYMENT_TARGET = 10.0;
				MTL_ENABLE_DEBUG_INFO = NO;
				MTL_FAST_MATH = YES;
				SDKROOT = iphoneos;
				SWIFT_COMPILATION_MODE = wholemodule;
				SWIFT_OPTIMIZATION_LEVEL = "-O";
				VALIDATE_PRODUCT = YES;
			};
			name = Release;
		};
		A5DAF0642528D7EE002483A6 /* Debug */ = {
			isa = XCBuildConfiguration;
			buildSettings = {
				ASSETCATALOG_COMPILER_APPICON_NAME = "App Icon";
				CODE_SIGN_ENTITLEMENTS = Example.entitlements;
				"CODE_SIGN_IDENTITY[sdk=macosx*]" = "Apple Development";
				CODE_SIGN_STYLE = Automatic;
				"ENABLE_HARDENED_RUNTIME[sdk=macosx*]" = YES;
				INFOPLIST_FILE = Info.plist;
				IPHONEOS_DEPLOYMENT_TARGET = 10.0;
				"IPHONEOS_DEPLOYMENT_TARGET[sdk=macosx*]" = 13.1;
				LD_RUNPATH_SEARCH_PATHS = (
					"$(inherited)",
					"@executable_path/Frameworks",
				);
				PRODUCT_BUNDLE_IDENTIFIER = debug45.PermissionWizard.Example;
				PRODUCT_NAME = "$(TARGET_NAME)";
				SUPPORTS_MACCATALYST = YES;
				SWIFT_VERSION = 5.0;
				TARGETED_DEVICE_FAMILY = "1,2";
			};
			name = Debug;
		};
		A5DAF0652528D7EE002483A6 /* Release */ = {
			isa = XCBuildConfiguration;
			buildSettings = {
				ASSETCATALOG_COMPILER_APPICON_NAME = "App Icon";
				CODE_SIGN_ENTITLEMENTS = Example.entitlements;
				"CODE_SIGN_IDENTITY[sdk=macosx*]" = "Apple Development";
				CODE_SIGN_STYLE = Automatic;
				"ENABLE_HARDENED_RUNTIME[sdk=macosx*]" = YES;
				INFOPLIST_FILE = Info.plist;
				IPHONEOS_DEPLOYMENT_TARGET = 10.0;
				"IPHONEOS_DEPLOYMENT_TARGET[sdk=macosx*]" = 13.1;
				LD_RUNPATH_SEARCH_PATHS = (
					"$(inherited)",
					"@executable_path/Frameworks",
				);
				PRODUCT_BUNDLE_IDENTIFIER = debug45.PermissionWizard.Example;
				PRODUCT_NAME = "$(TARGET_NAME)";
				SUPPORTS_MACCATALYST = YES;
				SWIFT_VERSION = 5.0;
				TARGETED_DEVICE_FAMILY = "1,2";
			};
			name = Release;
		};
/* End XCBuildConfiguration section */

/* Begin XCConfigurationList section */
		A5DAF04A2528D7ED002483A6 /* Build configuration list for PBXProject "Example" */ = {
			isa = XCConfigurationList;
			buildConfigurations = (
				A5DAF0612528D7EE002483A6 /* Debug */,
				A5DAF0622528D7EE002483A6 /* Release */,
			);
			defaultConfigurationIsVisible = 0;
			defaultConfigurationName = Release;
		};
		A5DAF0632528D7EE002483A6 /* Build configuration list for PBXNativeTarget "Example" */ = {
			isa = XCConfigurationList;
			buildConfigurations = (
				A5DAF0642528D7EE002483A6 /* Debug */,
				A5DAF0652528D7EE002483A6 /* Release */,
			);
			defaultConfigurationIsVisible = 0;
			defaultConfigurationName = Release;
		};
/* End XCConfigurationList section */
	};
	rootObject = A5DAF0472528D7ED002483A6 /* Project object */;
}
