// !$*UTF8*$!
{
	archiveVersion = 1;
	classes = {
	};
	objectVersion = 54;
	objects = {

/* Begin PBXBuildFile section */
		A5018627253CCE4B00D9DC77 /* Health.swift in Sources */ = {isa = PBXBuildFile; fileRef = A5018626253CCE4B00D9DC77 /* Health.swift */; };
		A50A8F6D252CC58F00364B82 /* Reminders.swift in Sources */ = {isa = PBXBuildFile; fileRef = A50A8F6C252CC58F00364B82 /* Reminders.swift */; };
		A511BA7925682F4400DF1657 /* Error.SupportedType.swift in Sources */ = {isa = PBXBuildFile; fileRef = A511BA7825682F4400DF1657 /* Error.SupportedType.swift */; };
		A511BA802568308200DF1657 /* Error.swift in Sources */ = {isa = PBXBuildFile; fileRef = A511BA7F2568308200DF1657 /* Error.swift */; };
		A511BAAC256947B400DF1657 /* SupportedType.swift in Sources */ = {isa = PBXBuildFile; fileRef = A511BAAB256947B400DF1657 /* SupportedType.swift */; };
		A511BAE1256961E600DF1657 /* Localizable.strings in Resources */ = {isa = PBXBuildFile; fileRef = A511BAE3256961E600DF1657 /* Localizable.strings */; };
		A533FEDF253B25A7003B7648 /* Camera.swift in Sources */ = {isa = PBXBuildFile; fileRef = A533FEDE253B25A7003B7648 /* Camera.swift */; };
		A533FEEB253B573F003B7648 /* Music.swift in Sources */ = {isa = PBXBuildFile; fileRef = A533FEEA253B573F003B7648 /* Music.swift */; };
		A53C04C1254D5C35007F1438 /* LocalNetwork.swift in Sources */ = {isa = PBXBuildFile; fileRef = A53C04C0254D5C35007F1438 /* LocalNetwork.swift */; };
		A53C04D9254DBDBA007F1438 /* FaceID.swift in Sources */ = {isa = PBXBuildFile; fileRef = A53C04D8254DBDBA007F1438 /* FaceID.swift */; };
		A54481DB254D49BC0031A427 /* Bluetooth.Agent.swift in Sources */ = {isa = PBXBuildFile; fileRef = A54481DA254D49BC0031A427 /* Bluetooth.Agent.swift */; };
		A5518744253779CA001A8208 /* Calendars.swift in Sources */ = {isa = PBXBuildFile; fileRef = A5518743253779CA001A8208 /* Calendars.swift */; };
		A553E455254464B700589764 /* Location.swift in Sources */ = {isa = PBXBuildFile; fileRef = A553E454254464B700589764 /* Location.swift */; };
		A553E45925446B1000589764 /* Location.Agent.swift in Sources */ = {isa = PBXBuildFile; fileRef = A553E45825446B1000589764 /* Location.Agent.swift */; };
		A568C5002545574F00A8B7E3 /* Bluetooth.swift in Sources */ = {isa = PBXBuildFile; fileRef = A568C4FF2545574F00A8B7E3 /* Bluetooth.swift */; };
		A57B592E256AB7A90019D5B4 /* Status.swift in Sources */ = {isa = PBXBuildFile; fileRef = A57B592D256AB7A90019D5B4 /* Status.swift */; };
		A5A7828D256D756B0036D303 /* Camera.Statuses.swift in Sources */ = {isa = PBXBuildFile; fileRef = A5A7828C256D756B0036D303 /* Camera.Statuses.swift */; };
		A5A78291256D75CA0036D303 /* FaceID.Status.swift in Sources */ = {isa = PBXBuildFile; fileRef = A5A78290256D75CA0036D303 /* FaceID.Status.swift */; };
		A5A78295256D761C0036D303 /* Health.Status.swift in Sources */ = {isa = PBXBuildFile; fileRef = A5A78294256D761C0036D303 /* Health.Status.swift */; };
		A5A78299256D764C0036D303 /* Home.Status.swift in Sources */ = {isa = PBXBuildFile; fileRef = A5A78298256D764C0036D303 /* Home.Status.swift */; };
		A5A7829D256D767B0036D303 /* Location.Statuses.swift in Sources */ = {isa = PBXBuildFile; fileRef = A5A7829C256D767B0036D303 /* Location.Statuses.swift */; };
		A5A782A0256D76A60036D303 /* Microphone.Status.swift in Sources */ = {isa = PBXBuildFile; fileRef = A5A7829F256D76A60036D303 /* Microphone.Status.swift */; };
		A5A782A5256D76CC0036D303 /* Notifications.Status.swift in Sources */ = {isa = PBXBuildFile; fileRef = A5A782A4256D76CC0036D303 /* Notifications.Status.swift */; };
		A5A782A9256D76F20036D303 /* Photos.Status.swift in Sources */ = {isa = PBXBuildFile; fileRef = A5A782A8256D76F20036D303 /* Photos.Status.swift */; };
		A5A782E3256FC6350036D303 /* Status.Common.swift in Sources */ = {isa = PBXBuildFile; fileRef = A5A782E2256FC6350036D303 /* Status.Common.swift */; };
		A5A782E8256FEFE70036D303 /* SupportedType.Templates.swift in Sources */ = {isa = PBXBuildFile; fileRef = A5A782E7256FEFE70036D303 /* SupportedType.Templates.swift */; };
		A5A782EE25701CAD0036D303 /* Siri.swift in Sources */ = {isa = PBXBuildFile; fileRef = A5A782ED25701CAD0036D303 /* Siri.swift */; };
		A5A9E6D025794BA500C2BD68 /* Tracking.swift in Sources */ = {isa = PBXBuildFile; fileRef = A5A9E6CF25794BA500C2BD68 /* Tracking.swift */; };
		A5B0765925378F8700E6DF79 /* Utils.swift in Sources */ = {isa = PBXBuildFile; fileRef = A5B0765825378F8700E6DF79 /* Utils.swift */; };
		A5B1D843253C1C4600760382 /* Notifications.swift in Sources */ = {isa = PBXBuildFile; fileRef = A5B1D842253C1C4600760382 /* Notifications.swift */; };
		A5B519C02538D5E7006870FA /* Microphone.swift in Sources */ = {isa = PBXBuildFile; fileRef = A5B519BF2538D5E7006870FA /* Microphone.swift */; };
		A5B519C82538D842006870FA /* SpeechRecognition.swift in Sources */ = {isa = PBXBuildFile; fileRef = A5B519C72538D842006870FA /* SpeechRecognition.swift */; };
		A5B519D12538DA5E006870FA /* Home.swift in Sources */ = {isa = PBXBuildFile; fileRef = A5B519D02538DA5E006870FA /* Home.swift */; };
		A5B519D5253AD284006870FA /* Home.Agent.swift in Sources */ = {isa = PBXBuildFile; fileRef = A5B519D4253AD284006870FA /* Home.Agent.swift */; };
		A5C49B81253B631B004DDC66 /* Photos.swift in Sources */ = {isa = PBXBuildFile; fileRef = A5C49B80253B631B004DDC66 /* Photos.swift */; };
		A5C49B8E253B6E2B004DDC66 /* Motion.swift in Sources */ = {isa = PBXBuildFile; fileRef = A5C49B8D253B6E2B004DDC66 /* Motion.swift */; };
		A5C4FFDE2554629D0002B376 /* SupportedType.Agent.swift in Sources */ = {isa = PBXBuildFile; fileRef = A5C4FFDD2554629D0002B376 /* SupportedType.Agent.swift */; };
		A5CB584B255C1D0400B2AC1A /* Icons.xcassets in Resources */ = {isa = PBXBuildFile; fileRef = A5CB584A255C1D0400B2AC1A /* Icons.xcassets */; };
		A5EDD6922528DA67001F44C9 /* PermissionWizard.h in Headers */ = {isa = PBXBuildFile; fileRef = A5EDD6912528DA67001F44C9 /* PermissionWizard.h */; settings = {ATTRIBUTES = (Public, ); }; };
		A5EDD6EF2528E220001F44C9 /* Permission.swift in Sources */ = {isa = PBXBuildFile; fileRef = A5EDD6EE2528E220001F44C9 /* Permission.swift */; };
		A5EDD6F52528E2A4001F44C9 /* Contacts.swift in Sources */ = {isa = PBXBuildFile; fileRef = A5EDD6F42528E2A4001F44C9 /* Contacts.swift */; };
/* End PBXBuildFile section */

/* Begin PBXFileReference section */
		A5018626253CCE4B00D9DC77 /* Health.swift */ = {isa = PBXFileReference; lastKnownFileType = sourcecode.swift; path = Health.swift; sourceTree = "<group>"; };
		A50A8F6C252CC58F00364B82 /* Reminders.swift */ = {isa = PBXFileReference; lastKnownFileType = sourcecode.swift; path = Reminders.swift; sourceTree = "<group>"; };
		A511BA7825682F4400DF1657 /* Error.SupportedType.swift */ = {isa = PBXFileReference; lastKnownFileType = sourcecode.swift; path = Error.SupportedType.swift; sourceTree = "<group>"; };
		A511BA7F2568308200DF1657 /* Error.swift */ = {isa = PBXFileReference; lastKnownFileType = sourcecode.swift; path = Error.swift; sourceTree = "<group>"; };
		A511BAAB256947B400DF1657 /* SupportedType.swift */ = {isa = PBXFileReference; lastKnownFileType = sourcecode.swift; path = SupportedType.swift; sourceTree = "<group>"; };
		A511BAE2256961E600DF1657 /* en */ = {isa = PBXFileReference; lastKnownFileType = text.plist.strings; name = en; path = Localizations/en.lproj/Localizable.strings; sourceTree = "<group>"; };
		A511BAE5256961EA00DF1657 /* ar */ = {isa = PBXFileReference; lastKnownFileType = text.plist.strings; name = ar; path = Localizations/ar.lproj/Localizable.strings; sourceTree = "<group>"; };
		A511BAE6256961EB00DF1657 /* ca */ = {isa = PBXFileReference; lastKnownFileType = text.plist.strings; name = ca; path = Localizations/ca.lproj/Localizable.strings; sourceTree = "<group>"; };
		A511BAE7256961EC00DF1657 /* zh-CN */ = {isa = PBXFileReference; lastKnownFileType = text.plist.strings; name = "zh-CN"; path = "Localizations/zh-CN.lproj/Localizable.strings"; sourceTree = "<group>"; };
		A511BAE8256961EF00DF1657 /* zh-HK */ = {isa = PBXFileReference; lastKnownFileType = text.plist.strings; name = "zh-HK"; path = "Localizations/zh-HK.lproj/Localizable.strings"; sourceTree = "<group>"; };
		A511BAE9256961F000DF1657 /* zh-TW */ = {isa = PBXFileReference; lastKnownFileType = text.plist.strings; name = "zh-TW"; path = "Localizations/zh-TW.lproj/Localizable.strings"; sourceTree = "<group>"; };
		A511BAEA256961F000DF1657 /* hr */ = {isa = PBXFileReference; lastKnownFileType = text.plist.strings; name = hr; path = Localizations/hr.lproj/Localizable.strings; sourceTree = "<group>"; };
		A511BAEB256961F100DF1657 /* nl */ = {isa = PBXFileReference; lastKnownFileType = text.plist.strings; name = nl; path = Localizations/nl.lproj/Localizable.strings; sourceTree = "<group>"; };
		A511BAEC256961F100DF1657 /* da */ = {isa = PBXFileReference; lastKnownFileType = text.plist.strings; name = da; path = Localizations/da.lproj/Localizable.strings; sourceTree = "<group>"; };
		A511BAED256961F200DF1657 /* cs */ = {isa = PBXFileReference; lastKnownFileType = text.plist.strings; name = cs; path = Localizations/cs.lproj/Localizable.strings; sourceTree = "<group>"; };
		A511BAEE256961F300DF1657 /* en-AU */ = {isa = PBXFileReference; lastKnownFileType = text.plist.strings; name = "en-AU"; path = "Localizations/en-AU.lproj/Localizable.strings"; sourceTree = "<group>"; };
		A511BAEF256961F500DF1657 /* en-GB */ = {isa = PBXFileReference; lastKnownFileType = text.plist.strings; name = "en-GB"; path = "Localizations/en-GB.lproj/Localizable.strings"; sourceTree = "<group>"; };
		A511BAF0256961F500DF1657 /* fi */ = {isa = PBXFileReference; lastKnownFileType = text.plist.strings; name = fi; path = Localizations/fi.lproj/Localizable.strings; sourceTree = "<group>"; };
		A511BAF1256961F900DF1657 /* fr */ = {isa = PBXFileReference; lastKnownFileType = text.plist.strings; name = fr; path = Localizations/fr.lproj/Localizable.strings; sourceTree = "<group>"; };
		A511BAF2256961FA00DF1657 /* fr-CA */ = {isa = PBXFileReference; lastKnownFileType = text.plist.strings; name = "fr-CA"; path = "Localizations/fr-CA.lproj/Localizable.strings"; sourceTree = "<group>"; };
		A511BAF3256961FD00DF1657 /* de */ = {isa = PBXFileReference; lastKnownFileType = text.plist.strings; name = de; path = Localizations/de.lproj/Localizable.strings; sourceTree = "<group>"; };
		A511BAF4256961FE00DF1657 /* el */ = {isa = PBXFileReference; lastKnownFileType = text.plist.strings; name = el; path = Localizations/el.lproj/Localizable.strings; sourceTree = "<group>"; };
		A511BAF5256961FE00DF1657 /* he */ = {isa = PBXFileReference; lastKnownFileType = text.plist.strings; name = he; path = Localizations/he.lproj/Localizable.strings; sourceTree = "<group>"; };
		A511BAF6256961FF00DF1657 /* hi */ = {isa = PBXFileReference; lastKnownFileType = text.plist.strings; name = hi; path = Localizations/hi.lproj/Localizable.strings; sourceTree = "<group>"; };
		A511BAF72569620000DF1657 /* hu */ = {isa = PBXFileReference; lastKnownFileType = text.plist.strings; name = hu; path = Localizations/hu.lproj/Localizable.strings; sourceTree = "<group>"; };
		A511BAF82569620100DF1657 /* id */ = {isa = PBXFileReference; lastKnownFileType = text.plist.strings; name = id; path = Localizations/id.lproj/Localizable.strings; sourceTree = "<group>"; };
		A511BAF92569620200DF1657 /* it */ = {isa = PBXFileReference; lastKnownFileType = text.plist.strings; name = it; path = Localizations/it.lproj/Localizable.strings; sourceTree = "<group>"; };
		A511BAFA2569620200DF1657 /* ja */ = {isa = PBXFileReference; lastKnownFileType = text.plist.strings; name = ja; path = Localizations/ja.lproj/Localizable.strings; sourceTree = "<group>"; };
		A511BAFB2569620300DF1657 /* ko */ = {isa = PBXFileReference; lastKnownFileType = text.plist.strings; name = ko; path = Localizations/ko.lproj/Localizable.strings; sourceTree = "<group>"; };
		A511BAFC2569620400DF1657 /* ms */ = {isa = PBXFileReference; lastKnownFileType = text.plist.strings; name = ms; path = Localizations/ms.lproj/Localizable.strings; sourceTree = "<group>"; };
		A511BAFD2569620400DF1657 /* no */ = {isa = PBXFileReference; lastKnownFileType = text.plist.strings; name = no; path = Localizations/no.lproj/Localizable.strings; sourceTree = "<group>"; };
		A511BAFE2569620500DF1657 /* pl */ = {isa = PBXFileReference; lastKnownFileType = text.plist.strings; name = pl; path = Localizations/pl.lproj/Localizable.strings; sourceTree = "<group>"; };
		A511BAFF2569620600DF1657 /* pt-BR */ = {isa = PBXFileReference; lastKnownFileType = text.plist.strings; name = "pt-BR"; path = "Localizations/pt-BR.lproj/Localizable.strings"; sourceTree = "<group>"; };
		A511BB002569620700DF1657 /* pt-PT */ = {isa = PBXFileReference; lastKnownFileType = text.plist.strings; name = "pt-PT"; path = "Localizations/pt-PT.lproj/Localizable.strings"; sourceTree = "<group>"; };
		A511BB012569620800DF1657 /* ro */ = {isa = PBXFileReference; lastKnownFileType = text.plist.strings; name = ro; path = Localizations/ro.lproj/Localizable.strings; sourceTree = "<group>"; };
		A511BB022569620900DF1657 /* ru */ = {isa = PBXFileReference; lastKnownFileType = text.plist.strings; name = ru; path = Localizations/ru.lproj/Localizable.strings; sourceTree = "<group>"; };
		A511BB032569620A00DF1657 /* sk */ = {isa = PBXFileReference; lastKnownFileType = text.plist.strings; name = sk; path = Localizations/sk.lproj/Localizable.strings; sourceTree = "<group>"; };
		A511BB042569620A00DF1657 /* es */ = {isa = PBXFileReference; lastKnownFileType = text.plist.strings; name = es; path = Localizations/es.lproj/Localizable.strings; sourceTree = "<group>"; };
		A511BB052569620B00DF1657 /* es-419 */ = {isa = PBXFileReference; lastKnownFileType = text.plist.strings; name = "es-419"; path = "Localizations/es-419.lproj/Localizable.strings"; sourceTree = "<group>"; };
		A511BB062569620C00DF1657 /* sv */ = {isa = PBXFileReference; lastKnownFileType = text.plist.strings; name = sv; path = Localizations/sv.lproj/Localizable.strings; sourceTree = "<group>"; };
		A511BB072569620E00DF1657 /* th */ = {isa = PBXFileReference; lastKnownFileType = text.plist.strings; name = th; path = Localizations/th.lproj/Localizable.strings; sourceTree = "<group>"; };
		A511BB082569620F00DF1657 /* tr */ = {isa = PBXFileReference; lastKnownFileType = text.plist.strings; name = tr; path = Localizations/tr.lproj/Localizable.strings; sourceTree = "<group>"; };
		A511BB092569621400DF1657 /* uk */ = {isa = PBXFileReference; lastKnownFileType = text.plist.strings; name = uk; path = Localizations/uk.lproj/Localizable.strings; sourceTree = "<group>"; };
		A511BB0A2569621500DF1657 /* vi */ = {isa = PBXFileReference; lastKnownFileType = text.plist.strings; name = vi; path = Localizations/vi.lproj/Localizable.strings; sourceTree = "<group>"; };
		A533FEDE253B25A7003B7648 /* Camera.swift */ = {isa = PBXFileReference; lastKnownFileType = sourcecode.swift; path = Camera.swift; sourceTree = "<group>"; };
		A533FEEA253B573F003B7648 /* Music.swift */ = {isa = PBXFileReference; lastKnownFileType = sourcecode.swift; path = Music.swift; sourceTree = "<group>"; };
		A53C04C0254D5C35007F1438 /* LocalNetwork.swift */ = {isa = PBXFileReference; lastKnownFileType = sourcecode.swift; path = LocalNetwork.swift; sourceTree = "<group>"; };
		A53C04D8254DBDBA007F1438 /* FaceID.swift */ = {isa = PBXFileReference; lastKnownFileType = sourcecode.swift; path = FaceID.swift; sourceTree = "<group>"; };
		A53DFF50255AAB8200995A85 /* Settings.xcconfig */ = {isa = PBXFileReference; lastKnownFileType = text.xcconfig; path = Settings.xcconfig; sourceTree = "<group>"; };
		A54481DA254D49BC0031A427 /* Bluetooth.Agent.swift */ = {isa = PBXFileReference; lastKnownFileType = sourcecode.swift; path = Bluetooth.Agent.swift; sourceTree = "<group>"; };
		A5518743253779CA001A8208 /* Calendars.swift */ = {isa = PBXFileReference; lastKnownFileType = sourcecode.swift; path = Calendars.swift; sourceTree = "<group>"; };
		A553E454254464B700589764 /* Location.swift */ = {isa = PBXFileReference; lastKnownFileType = sourcecode.swift; path = Location.swift; sourceTree = "<group>"; };
		A553E45825446B1000589764 /* Location.Agent.swift */ = {isa = PBXFileReference; lastKnownFileType = sourcecode.swift; path = Location.Agent.swift; sourceTree = "<group>"; };
		A568C4FF2545574F00A8B7E3 /* Bluetooth.swift */ = {isa = PBXFileReference; lastKnownFileType = sourcecode.swift; path = Bluetooth.swift; sourceTree = "<group>"; };
		A57B592D256AB7A90019D5B4 /* Status.swift */ = {isa = PBXFileReference; lastKnownFileType = sourcecode.swift; path = Status.swift; sourceTree = "<group>"; };
		A5A7828C256D756B0036D303 /* Camera.Statuses.swift */ = {isa = PBXFileReference; lastKnownFileType = sourcecode.swift; path = Camera.Statuses.swift; sourceTree = "<group>"; };
		A5A78290256D75CA0036D303 /* FaceID.Status.swift */ = {isa = PBXFileReference; lastKnownFileType = sourcecode.swift; path = FaceID.Status.swift; sourceTree = "<group>"; };
		A5A78294256D761C0036D303 /* Health.Status.swift */ = {isa = PBXFileReference; lastKnownFileType = sourcecode.swift; path = Health.Status.swift; sourceTree = "<group>"; };
		A5A78298256D764C0036D303 /* Home.Status.swift */ = {isa = PBXFileReference; lastKnownFileType = sourcecode.swift; path = Home.Status.swift; sourceTree = "<group>"; };
		A5A7829C256D767B0036D303 /* Location.Statuses.swift */ = {isa = PBXFileReference; lastKnownFileType = sourcecode.swift; path = Location.Statuses.swift; sourceTree = "<group>"; };
		A5A7829F256D76A60036D303 /* Microphone.Status.swift */ = {isa = PBXFileReference; lastKnownFileType = sourcecode.swift; path = Microphone.Status.swift; sourceTree = "<group>"; };
		A5A782A4256D76CC0036D303 /* Notifications.Status.swift */ = {isa = PBXFileReference; lastKnownFileType = sourcecode.swift; path = Notifications.Status.swift; sourceTree = "<group>"; };
		A5A782A8256D76F20036D303 /* Photos.Status.swift */ = {isa = PBXFileReference; lastKnownFileType = sourcecode.swift; path = Photos.Status.swift; sourceTree = "<group>"; };
		A5A782E2256FC6350036D303 /* Status.Common.swift */ = {isa = PBXFileReference; lastKnownFileType = sourcecode.swift; path = Status.Common.swift; sourceTree = "<group>"; };
		A5A782E7256FEFE70036D303 /* SupportedType.Templates.swift */ = {isa = PBXFileReference; lastKnownFileType = sourcecode.swift; path = SupportedType.Templates.swift; sourceTree = "<group>"; };
		A5A782ED25701CAD0036D303 /* Siri.swift */ = {isa = PBXFileReference; lastKnownFileType = sourcecode.swift; path = Siri.swift; sourceTree = "<group>"; };
		A5A9E6CF25794BA500C2BD68 /* Tracking.swift */ = {isa = PBXFileReference; lastKnownFileType = sourcecode.swift; path = Tracking.swift; sourceTree = "<group>"; };
		A5B0765825378F8700E6DF79 /* Utils.swift */ = {isa = PBXFileReference; lastKnownFileType = sourcecode.swift; path = Utils.swift; sourceTree = "<group>"; };
		A5B1D842253C1C4600760382 /* Notifications.swift */ = {isa = PBXFileReference; lastKnownFileType = sourcecode.swift; path = Notifications.swift; sourceTree = "<group>"; };
		A5B519BF2538D5E7006870FA /* Microphone.swift */ = {isa = PBXFileReference; lastKnownFileType = sourcecode.swift; path = Microphone.swift; sourceTree = "<group>"; };
		A5B519C72538D842006870FA /* SpeechRecognition.swift */ = {isa = PBXFileReference; lastKnownFileType = sourcecode.swift; path = SpeechRecognition.swift; sourceTree = "<group>"; };
		A5B519D02538DA5E006870FA /* Home.swift */ = {isa = PBXFileReference; lastKnownFileType = sourcecode.swift; path = Home.swift; sourceTree = "<group>"; };
		A5B519D4253AD284006870FA /* Home.Agent.swift */ = {isa = PBXFileReference; lastKnownFileType = sourcecode.swift; path = Home.Agent.swift; sourceTree = "<group>"; };
		A5C49B80253B631B004DDC66 /* Photos.swift */ = {isa = PBXFileReference; lastKnownFileType = sourcecode.swift; path = Photos.swift; sourceTree = "<group>"; };
		A5C49B8D253B6E2B004DDC66 /* Motion.swift */ = {isa = PBXFileReference; lastKnownFileType = sourcecode.swift; path = Motion.swift; sourceTree = "<group>"; };
		A5C4FFDD2554629D0002B376 /* SupportedType.Agent.swift */ = {isa = PBXFileReference; lastKnownFileType = sourcecode.swift; path = SupportedType.Agent.swift; sourceTree = "<group>"; };
		A5CB584A255C1D0400B2AC1A /* Icons.xcassets */ = {isa = PBXFileReference; lastKnownFileType = folder.assetcatalog; path = Icons.xcassets; sourceTree = "<group>"; };
		A5DAF03A2528D771002483A6 /* PermissionWizard.framework */ = {isa = PBXFileReference; explicitFileType = wrapper.framework; includeInIndex = 0; path = PermissionWizard.framework; sourceTree = BUILT_PRODUCTS_DIR; };
		A5DAF03E2528D771002483A6 /* Info.plist */ = {isa = PBXFileReference; lastKnownFileType = text.plist.xml; path = Info.plist; sourceTree = "<group>"; };
		A5EDD6912528DA67001F44C9 /* PermissionWizard.h */ = {isa = PBXFileReference; fileEncoding = 4; lastKnownFileType = sourcecode.c.h; path = PermissionWizard.h; sourceTree = "<group>"; };
		A5EDD6EE2528E220001F44C9 /* Permission.swift */ = {isa = PBXFileReference; lastKnownFileType = sourcecode.swift; path = Permission.swift; sourceTree = "<group>"; };
		A5EDD6F42528E2A4001F44C9 /* Contacts.swift */ = {isa = PBXFileReference; lastKnownFileType = sourcecode.swift; path = Contacts.swift; sourceTree = "<group>"; };
/* End PBXFileReference section */

/* Begin PBXFrameworksBuildPhase section */
		A5DAF0372528D771002483A6 /* Frameworks */ = {
			isa = PBXFrameworksBuildPhase;
			buildActionMask = 2147483647;
			files = (
			);
			runOnlyForDeploymentPostprocessing = 0;
		};
/* End PBXFrameworksBuildPhase section */

/* Begin PBXGroup section */
		A511BAB025695A7B00DF1657 /* Supported Types */ = {
			isa = PBXGroup;
			children = (
				A568C4FF2545574F00A8B7E3 /* Bluetooth.swift */,
				A54481DA254D49BC0031A427 /* Bluetooth.Agent.swift */,
				A5518743253779CA001A8208 /* Calendars.swift */,
				A533FEDE253B25A7003B7648 /* Camera.swift */,
				A5A7828C256D756B0036D303 /* Camera.Statuses.swift */,
				A5EDD6F42528E2A4001F44C9 /* Contacts.swift */,
				A53C04D8254DBDBA007F1438 /* FaceID.swift */,
				A5A78290256D75CA0036D303 /* FaceID.Status.swift */,
				A5018626253CCE4B00D9DC77 /* Health.swift */,
				A5A78294256D761C0036D303 /* Health.Status.swift */,
				A5B519D02538DA5E006870FA /* Home.swift */,
				A5B519D4253AD284006870FA /* Home.Agent.swift */,
				A5A78298256D764C0036D303 /* Home.Status.swift */,
				A53C04C0254D5C35007F1438 /* LocalNetwork.swift */,
				A553E454254464B700589764 /* Location.swift */,
				A553E45825446B1000589764 /* Location.Agent.swift */,
				A5A7829C256D767B0036D303 /* Location.Statuses.swift */,
				A5B519BF2538D5E7006870FA /* Microphone.swift */,
				A5A7829F256D76A60036D303 /* Microphone.Status.swift */,
				A5C49B8D253B6E2B004DDC66 /* Motion.swift */,
				A533FEEA253B573F003B7648 /* Music.swift */,
				A5B1D842253C1C4600760382 /* Notifications.swift */,
				A5A782A4256D76CC0036D303 /* Notifications.Status.swift */,
				A5C49B80253B631B004DDC66 /* Photos.swift */,
				A5A782A8256D76F20036D303 /* Photos.Status.swift */,
				A50A8F6C252CC58F00364B82 /* Reminders.swift */,
				A5A782ED25701CAD0036D303 /* Siri.swift */,
				A5B519C72538D842006870FA /* SpeechRecognition.swift */,
				A5A9E6CF25794BA500C2BD68 /* Tracking.swift */,
			);
			path = "Supported Types";
			sourceTree = "<group>";
		};
		A55677E0255AFD560015D721 /* Framework */ = {
			isa = PBXGroup;
			children = (
				A511BAAB256947B400DF1657 /* SupportedType.swift */,
				A5C4FFDD2554629D0002B376 /* SupportedType.Agent.swift */,
				A5A782E7256FEFE70036D303 /* SupportedType.Templates.swift */,
				A511BA7F2568308200DF1657 /* Error.swift */,
				A511BA7825682F4400DF1657 /* Error.SupportedType.swift */,
				A57B592D256AB7A90019D5B4 /* Status.swift */,
				A5A782E2256FC6350036D303 /* Status.Common.swift */,
				A5B0765825378F8700E6DF79 /* Utils.swift */,
			);
			path = Framework;
			sourceTree = "<group>";
		};
		A5DAF0302528D770002483A6 = {
			isa = PBXGroup;
			children = (
				A5EDD6EE2528E220001F44C9 /* Permission.swift */,
				A511BAB025695A7B00DF1657 /* Supported Types */,
				A55677E0255AFD560015D721 /* Framework */,
				A5CB584A255C1D0400B2AC1A /* Icons.xcassets */,
				A511BAE3256961E600DF1657 /* Localizable.strings */,
				A53DFF50255AAB8200995A85 /* Settings.xcconfig */,
				A5EDD6912528DA67001F44C9 /* PermissionWizard.h */,
				A5DAF03E2528D771002483A6 /* Info.plist */,
				A5DAF03B2528D771002483A6 /* Products */,
			);
			sourceTree = "<group>";
		};
		A5DAF03B2528D771002483A6 /* Products */ = {
			isa = PBXGroup;
			children = (
				A5DAF03A2528D771002483A6 /* PermissionWizard.framework */,
			);
			name = Products;
			sourceTree = "<group>";
		};
/* End PBXGroup section */

/* Begin PBXHeadersBuildPhase section */
		A5DAF0352528D771002483A6 /* Headers */ = {
			isa = PBXHeadersBuildPhase;
			buildActionMask = 2147483647;
			files = (
				A5EDD6922528DA67001F44C9 /* PermissionWizard.h in Headers */,
			);
			runOnlyForDeploymentPostprocessing = 0;
		};
/* End PBXHeadersBuildPhase section */

/* Begin PBXNativeTarget section */
		A5DAF0392528D771002483A6 /* PermissionWizard */ = {
			isa = PBXNativeTarget;
			buildConfigurationList = A5DAF0422528D771002483A6 /* Build configuration list for PBXNativeTarget "PermissionWizard" */;
			buildPhases = (
				A5DAF0352528D771002483A6 /* Headers */,
				A5DAF0362528D771002483A6 /* Sources */,
				A5DAF0372528D771002483A6 /* Frameworks */,
				A5DAF0382528D771002483A6 /* Resources */,
			);
			buildRules = (
			);
			dependencies = (
			);
			name = PermissionWizard;
			productName = PermissionWizard;
			productReference = A5DAF03A2528D771002483A6 /* PermissionWizard.framework */;
			productType = "com.apple.product-type.framework";
		};
/* End PBXNativeTarget section */

/* Begin PBXProject section */
		A5DAF0312528D770002483A6 /* Project object */ = {
			isa = PBXProject;
			attributes = {
				LastUpgradeCheck = 1220;
				TargetAttributes = {
					A5DAF0392528D771002483A6 = {
						CreatedOnToolsVersion = 12.0.1;
						LastSwiftMigration = 1200;
					};
				};
			};
			buildConfigurationList = A5DAF0342528D770002483A6 /* Build configuration list for PBXProject "PermissionWizard" */;
			compatibilityVersion = "Xcode 12.0";
			developmentRegion = en;
			hasScannedForEncodings = 0;
			knownRegions = (
				en,
				Base,
				ar,
				ca,
				cs,
				da,
				de,
				el,
				"en-AU",
				"en-GB",
				"es-419",
				es,
				fi,
				"fr-CA",
				fr,
				he,
				hi,
				hr,
				hu,
				id,
				it,
				ja,
				ko,
				ms,
				nl,
				no,
				pl,
				"pt-BR",
				"pt-PT",
				ro,
				ru,
				sk,
				sv,
				th,
				tr,
				uk,
				vi,
				"zh-CN",
				"zh-HK",
				"zh-TW",
			);
			mainGroup = A5DAF0302528D770002483A6;
			productRefGroup = A5DAF03B2528D771002483A6 /* Products */;
			projectDirPath = "";
			projectRoot = "";
			targets = (
				A5DAF0392528D771002483A6 /* PermissionWizard */,
			);
		};
/* End PBXProject section */

/* Begin PBXResourcesBuildPhase section */
		A5DAF0382528D771002483A6 /* Resources */ = {
			isa = PBXResourcesBuildPhase;
			buildActionMask = 2147483647;
			files = (
				A5CB584B255C1D0400B2AC1A /* Icons.xcassets in Resources */,
				A511BAE1256961E600DF1657 /* Localizable.strings in Resources */,
			);
			runOnlyForDeploymentPostprocessing = 0;
		};
/* End PBXResourcesBuildPhase section */

/* Begin PBXSourcesBuildPhase section */
		A5DAF0362528D771002483A6 /* Sources */ = {
			isa = PBXSourcesBuildPhase;
			buildActionMask = 2147483647;
			files = (
				A53C04D9254DBDBA007F1438 /* FaceID.swift in Sources */,
				A5B519D12538DA5E006870FA /* Home.swift in Sources */,
				A533FEDF253B25A7003B7648 /* Camera.swift in Sources */,
				A5B519D5253AD284006870FA /* Home.Agent.swift in Sources */,
				A53C04C1254D5C35007F1438 /* LocalNetwork.swift in Sources */,
				A533FEEB253B573F003B7648 /* Music.swift in Sources */,
				A54481DB254D49BC0031A427 /* Bluetooth.Agent.swift in Sources */,
				A5B0765925378F8700E6DF79 /* Utils.swift in Sources */,
				A5A782A0256D76A60036D303 /* Microphone.Status.swift in Sources */,
				A553E455254464B700589764 /* Location.swift in Sources */,
				A511BA7925682F4400DF1657 /* Error.SupportedType.swift in Sources */,
				A50A8F6D252CC58F00364B82 /* Reminders.swift in Sources */,
				A568C5002545574F00A8B7E3 /* Bluetooth.swift in Sources */,
				A5A782A9256D76F20036D303 /* Photos.Status.swift in Sources */,
				A5A782A5256D76CC0036D303 /* Notifications.Status.swift in Sources */,
				A5B519C82538D842006870FA /* SpeechRecognition.swift in Sources */,
				A5A782E8256FEFE70036D303 /* SupportedType.Templates.swift in Sources */,
				A553E45925446B1000589764 /* Location.Agent.swift in Sources */,
				A5018627253CCE4B00D9DC77 /* Health.swift in Sources */,
				A5A782EE25701CAD0036D303 /* Siri.swift in Sources */,
				A5A7828D256D756B0036D303 /* Camera.Statuses.swift in Sources */,
				A5A78291256D75CA0036D303 /* FaceID.Status.swift in Sources */,
				A57B592E256AB7A90019D5B4 /* Status.swift in Sources */,
				A5EDD6F52528E2A4001F44C9 /* Contacts.swift in Sources */,
				A5A78299256D764C0036D303 /* Home.Status.swift in Sources */,
				A5A78295256D761C0036D303 /* Health.Status.swift in Sources */,
				A5C49B8E253B6E2B004DDC66 /* Motion.swift in Sources */,
				A511BA802568308200DF1657 /* Error.swift in Sources */,
				A5C49B81253B631B004DDC66 /* Photos.swift in Sources */,
				A5C4FFDE2554629D0002B376 /* SupportedType.Agent.swift in Sources */,
				A5B1D843253C1C4600760382 /* Notifications.swift in Sources */,
				A511BAAC256947B400DF1657 /* SupportedType.swift in Sources */,
				A5EDD6EF2528E220001F44C9 /* Permission.swift in Sources */,
				A5B519C02538D5E7006870FA /* Microphone.swift in Sources */,
				A5518744253779CA001A8208 /* Calendars.swift in Sources */,
				A5A7829D256D767B0036D303 /* Location.Statuses.swift in Sources */,
				A5A782E3256FC6350036D303 /* Status.Common.swift in Sources */,
				A5A9E6D025794BA500C2BD68 /* Tracking.swift in Sources */,
			);
			runOnlyForDeploymentPostprocessing = 0;
		};
/* End PBXSourcesBuildPhase section */

/* Begin PBXVariantGroup section */
		A511BAE3256961E600DF1657 /* Localizable.strings */ = {
			isa = PBXVariantGroup;
			children = (
				A511BAE2256961E600DF1657 /* en */,
				A511BAE5256961EA00DF1657 /* ar */,
				A511BAE6256961EB00DF1657 /* ca */,
				A511BAE7256961EC00DF1657 /* zh-CN */,
				A511BAE8256961EF00DF1657 /* zh-HK */,
				A511BAE9256961F000DF1657 /* zh-TW */,
				A511BAEA256961F000DF1657 /* hr */,
				A511BAEB256961F100DF1657 /* nl */,
				A511BAEC256961F100DF1657 /* da */,
				A511BAED256961F200DF1657 /* cs */,
				A511BAEE256961F300DF1657 /* en-AU */,
				A511BAEF256961F500DF1657 /* en-GB */,
				A511BAF0256961F500DF1657 /* fi */,
				A511BAF1256961F900DF1657 /* fr */,
				A511BAF2256961FA00DF1657 /* fr-CA */,
				A511BAF3256961FD00DF1657 /* de */,
				A511BAF4256961FE00DF1657 /* el */,
				A511BAF5256961FE00DF1657 /* he */,
				A511BAF6256961FF00DF1657 /* hi */,
				A511BAF72569620000DF1657 /* hu */,
				A511BAF82569620100DF1657 /* id */,
				A511BAF92569620200DF1657 /* it */,
				A511BAFA2569620200DF1657 /* ja */,
				A511BAFB2569620300DF1657 /* ko */,
				A511BAFC2569620400DF1657 /* ms */,
				A511BAFD2569620400DF1657 /* no */,
				A511BAFE2569620500DF1657 /* pl */,
				A511BAFF2569620600DF1657 /* pt-BR */,
				A511BB002569620700DF1657 /* pt-PT */,
				A511BB012569620800DF1657 /* ro */,
				A511BB022569620900DF1657 /* ru */,
				A511BB032569620A00DF1657 /* sk */,
				A511BB042569620A00DF1657 /* es */,
				A511BB052569620B00DF1657 /* es-419 */,
				A511BB062569620C00DF1657 /* sv */,
				A511BB072569620E00DF1657 /* th */,
				A511BB082569620F00DF1657 /* tr */,
				A511BB092569621400DF1657 /* uk */,
				A511BB0A2569621500DF1657 /* vi */,
			);
			name = Localizable.strings;
			sourceTree = "<group>";
		};
/* End PBXVariantGroup section */

/* Begin XCBuildConfiguration section */
		A5DAF0402528D771002483A6 /* Debug */ = {
			isa = XCBuildConfiguration;
			baseConfigurationReference = A53DFF50255AAB8200995A85 /* Settings.xcconfig */;
			buildSettings = {
				ALWAYS_SEARCH_USER_PATHS = NO;
				CLANG_ANALYZER_NONNULL = YES;
				CLANG_ANALYZER_NUMBER_OBJECT_CONVERSION = YES_AGGRESSIVE;
				CLANG_CXX_LANGUAGE_STANDARD = "gnu++14";
				CLANG_CXX_LIBRARY = "libc++";
				CLANG_ENABLE_MODULES = YES;
				CLANG_ENABLE_OBJC_ARC = YES;
				CLANG_ENABLE_OBJC_WEAK = YES;
				CLANG_WARN_BLOCK_CAPTURE_AUTORELEASING = YES;
				CLANG_WARN_BOOL_CONVERSION = YES;
				CLANG_WARN_COMMA = YES;
				CLANG_WARN_CONSTANT_CONVERSION = YES;
				CLANG_WARN_DEPRECATED_OBJC_IMPLEMENTATIONS = YES;
				CLANG_WARN_DIRECT_OBJC_ISA_USAGE = YES_ERROR;
				CLANG_WARN_DOCUMENTATION_COMMENTS = YES;
				CLANG_WARN_EMPTY_BODY = YES;
				CLANG_WARN_ENUM_CONVERSION = YES;
				CLANG_WARN_INFINITE_RECURSION = YES;
				CLANG_WARN_INT_CONVERSION = YES;
				CLANG_WARN_NON_LITERAL_NULL_CONVERSION = YES;
				CLANG_WARN_OBJC_IMPLICIT_RETAIN_SELF = YES;
				CLANG_WARN_OBJC_LITERAL_CONVERSION = YES;
				CLANG_WARN_OBJC_ROOT_CLASS = YES_ERROR;
				CLANG_WARN_QUOTED_INCLUDE_IN_FRAMEWORK_HEADER = YES;
				CLANG_WARN_RANGE_LOOP_ANALYSIS = YES;
				CLANG_WARN_STRICT_PROTOTYPES = YES;
				CLANG_WARN_SUSPICIOUS_MOVE = YES;
				CLANG_WARN_UNGUARDED_AVAILABILITY = YES_AGGRESSIVE;
				CLANG_WARN_UNREACHABLE_CODE = YES;
				CLANG_WARN__DUPLICATE_METHOD_MATCH = YES;
				COPY_PHASE_STRIP = NO;
				CURRENT_PROJECT_VERSION = 1;
				DEBUG_INFORMATION_FORMAT = dwarf;
				ENABLE_STRICT_OBJC_MSGSEND = YES;
				ENABLE_TESTABILITY = YES;
				GCC_C_LANGUAGE_STANDARD = gnu11;
				GCC_DYNAMIC_NO_PIC = NO;
				GCC_NO_COMMON_BLOCKS = YES;
				GCC_OPTIMIZATION_LEVEL = 0;
				GCC_PREPROCESSOR_DEFINITIONS = (
					"DEBUG=1",
					"$(inherited)",
				);
				GCC_WARN_64_TO_32_BIT_CONVERSION = YES;
				GCC_WARN_ABOUT_RETURN_TYPE = YES_ERROR;
				GCC_WARN_UNDECLARED_SELECTOR = YES;
				GCC_WARN_UNINITIALIZED_AUTOS = YES_AGGRESSIVE;
				GCC_WARN_UNUSED_FUNCTION = YES;
				GCC_WARN_UNUSED_VARIABLE = YES;
				IPHONEOS_DEPLOYMENT_TARGET = 10.0;
				MTL_ENABLE_DEBUG_INFO = INCLUDE_SOURCE;
				MTL_FAST_MATH = YES;
				ONLY_ACTIVE_ARCH = YES;
				SDKROOT = iphoneos;
				SWIFT_ACTIVE_COMPILATION_CONDITIONS = DEBUG;
				SWIFT_OPTIMIZATION_LEVEL = "-Onone";
				VERSIONING_SYSTEM = "apple-generic";
				VERSION_INFO_PREFIX = "";
			};
			name = Debug;
		};
		A5DAF0412528D771002483A6 /* Release */ = {
			isa = XCBuildConfiguration;
			baseConfigurationReference = A53DFF50255AAB8200995A85 /* Settings.xcconfig */;
			buildSettings = {
				ALWAYS_SEARCH_USER_PATHS = NO;
				CLANG_ANALYZER_NONNULL = YES;
				CLANG_ANALYZER_NUMBER_OBJECT_CONVERSION = YES_AGGRESSIVE;
				CLANG_CXX_LANGUAGE_STANDARD = "gnu++14";
				CLANG_CXX_LIBRARY = "libc++";
				CLANG_ENABLE_MODULES = YES;
				CLANG_ENABLE_OBJC_ARC = YES;
				CLANG_ENABLE_OBJC_WEAK = YES;
				CLANG_WARN_BLOCK_CAPTURE_AUTORELEASING = YES;
				CLANG_WARN_BOOL_CONVERSION = YES;
				CLANG_WARN_COMMA = YES;
				CLANG_WARN_CONSTANT_CONVERSION = YES;
				CLANG_WARN_DEPRECATED_OBJC_IMPLEMENTATIONS = YES;
				CLANG_WARN_DIRECT_OBJC_ISA_USAGE = YES_ERROR;
				CLANG_WARN_DOCUMENTATION_COMMENTS = YES;
				CLANG_WARN_EMPTY_BODY = YES;
				CLANG_WARN_ENUM_CONVERSION = YES;
				CLANG_WARN_INFINITE_RECURSION = YES;
				CLANG_WARN_INT_CONVERSION = YES;
				CLANG_WARN_NON_LITERAL_NULL_CONVERSION = YES;
				CLANG_WARN_OBJC_IMPLICIT_RETAIN_SELF = YES;
				CLANG_WARN_OBJC_LITERAL_CONVERSION = YES;
				CLANG_WARN_OBJC_ROOT_CLASS = YES_ERROR;
				CLANG_WARN_QUOTED_INCLUDE_IN_FRAMEWORK_HEADER = YES;
				CLANG_WARN_RANGE_LOOP_ANALYSIS = YES;
				CLANG_WARN_STRICT_PROTOTYPES = YES;
				CLANG_WARN_SUSPICIOUS_MOVE = YES;
				CLANG_WARN_UNGUARDED_AVAILABILITY = YES_AGGRESSIVE;
				CLANG_WARN_UNREACHABLE_CODE = YES;
				CLANG_WARN__DUPLICATE_METHOD_MATCH = YES;
				COPY_PHASE_STRIP = NO;
				CURRENT_PROJECT_VERSION = 1;
				DEBUG_INFORMATION_FORMAT = "dwarf-with-dsym";
				ENABLE_NS_ASSERTIONS = NO;
				ENABLE_STRICT_OBJC_MSGSEND = YES;
				GCC_C_LANGUAGE_STANDARD = gnu11;
				GCC_NO_COMMON_BLOCKS = YES;
				GCC_WARN_64_TO_32_BIT_CONVERSION = YES;
				GCC_WARN_ABOUT_RETURN_TYPE = YES_ERROR;
				GCC_WARN_UNDECLARED_SELECTOR = YES;
				GCC_WARN_UNINITIALIZED_AUTOS = YES_AGGRESSIVE;
				GCC_WARN_UNUSED_FUNCTION = YES;
				GCC_WARN_UNUSED_VARIABLE = YES;
				IPHONEOS_DEPLOYMENT_TARGET = 10.0;
				MTL_ENABLE_DEBUG_INFO = NO;
				MTL_FAST_MATH = YES;
				SDKROOT = iphoneos;
				SWIFT_COMPILATION_MODE = wholemodule;
				SWIFT_OPTIMIZATION_LEVEL = "-O";
				VALIDATE_PRODUCT = YES;
				VERSIONING_SYSTEM = "apple-generic";
				VERSION_INFO_PREFIX = "";
			};
			name = Release;
		};
		A5DAF0432528D771002483A6 /* Debug */ = {
			isa = XCBuildConfiguration;
			baseConfigurationReference = A53DFF50255AAB8200995A85 /* Settings.xcconfig */;
			buildSettings = {
				CLANG_ENABLE_MODULES = YES;
				CODE_SIGN_STYLE = Automatic;
				DEFINES_MODULE = YES;
				DYLIB_COMPATIBILITY_VERSION = 1;
				DYLIB_CURRENT_VERSION = 1;
				DYLIB_INSTALL_NAME_BASE = "@rpath";
				INFOPLIST_FILE = Info.plist;
				INSTALL_PATH = "$(LOCAL_LIBRARY_DIR)/Frameworks";
				IPHONEOS_DEPLOYMENT_TARGET = 10.0;
				"IPHONEOS_DEPLOYMENT_TARGET[sdk=macosx*]" = 13.1;
				LD_RUNPATH_SEARCH_PATHS = (
					"$(inherited)",
					"@executable_path/Frameworks",
					"@loader_path/Frameworks",
				);
				MARKETING_VERSION = 1.1;
				PRODUCT_BUNDLE_IDENTIFIER = debug45.PermissionWizard;
				PRODUCT_NAME = "$(TARGET_NAME:c99extidentifier)";
				SKIP_INSTALL = YES;
				SWIFT_OPTIMIZATION_LEVEL = "-Onone";
				SWIFT_VERSION = 5.0;
				TARGETED_DEVICE_FAMILY = "1,2";
			};
			name = Debug;
		};
		A5DAF0442528D771002483A6 /* Release */ = {
			isa = XCBuildConfiguration;
			baseConfigurationReference = A53DFF50255AAB8200995A85 /* Settings.xcconfig */;
			buildSettings = {
				CLANG_ENABLE_MODULES = YES;
				CODE_SIGN_STYLE = Automatic;
				DEFINES_MODULE = YES;
				DYLIB_COMPATIBILITY_VERSION = 1;
				DYLIB_CURRENT_VERSION = 1;
				DYLIB_INSTALL_NAME_BASE = "@rpath";
				INFOPLIST_FILE = Info.plist;
				INSTALL_PATH = "$(LOCAL_LIBRARY_DIR)/Frameworks";
				IPHONEOS_DEPLOYMENT_TARGET = 10.0;
				"IPHONEOS_DEPLOYMENT_TARGET[sdk=macosx*]" = 13.1;
				LD_RUNPATH_SEARCH_PATHS = (
					"$(inherited)",
					"@executable_path/Frameworks",
					"@loader_path/Frameworks",
				);
				MARKETING_VERSION = 1.1;
				PRODUCT_BUNDLE_IDENTIFIER = debug45.PermissionWizard;
				PRODUCT_NAME = "$(TARGET_NAME:c99extidentifier)";
				SKIP_INSTALL = YES;
				SWIFT_VERSION = 5.0;
				TARGETED_DEVICE_FAMILY = "1,2";
			};
			name = Release;
		};
/* End XCBuildConfiguration section */

/* Begin XCConfigurationList section */
		A5DAF0342528D770002483A6 /* Build configuration list for PBXProject "PermissionWizard" */ = {
			isa = XCConfigurationList;
			buildConfigurations = (
				A5DAF0402528D771002483A6 /* Debug */,
				A5DAF0412528D771002483A6 /* Release */,
			);
			defaultConfigurationIsVisible = 0;
			defaultConfigurationName = Release;
		};
		A5DAF0422528D771002483A6 /* Build configuration list for PBXNativeTarget "PermissionWizard" */ = {
			isa = XCConfigurationList;
			buildConfigurations = (
				A5DAF0432528D771002483A6 /* Debug */,
				A5DAF0442528D771002483A6 /* Release */,
			);
			defaultConfigurationIsVisible = 0;
			defaultConfigurationName = Release;
		};
/* End XCConfigurationList section */
	};
	rootObject = A5DAF0312528D770002483A6 /* Project object */;
}
